// !$*UTF8*$!
{
	archiveVersion = 1;
	classes = {
	};
	objectVersion = 52;
	objects = {

/* Begin PBXBuildFile section */
		A841BBBC12351867A5F7C113 /* Pods_NLetterPoem.framework in Frameworks */ = {isa = PBXBuildFile; fileRef = 08FFBC47B769FF2A3675D51E /* Pods_NLetterPoem.framework */; };
		B40EB926270C41CB00FADFC6 /* Auth+Rx.swift in Sources */ = {isa = PBXBuildFile; fileRef = B40EB925270C41CB00FADFC6 /* Auth+Rx.swift */; };
		B414FBD0268ADB9C00AFAAA8 /* MyPageCollectionViewCell.swift in Sources */ = {isa = PBXBuildFile; fileRef = B414FBCF268ADB9C00AFAAA8 /* MyPageCollectionViewCell.swift */; };
		B414FBD3268AE3FE00AFAAA8 /* MyPageViewController+UICollectionViewDataSource.swift in Sources */ = {isa = PBXBuildFile; fileRef = B414FBD2268AE3FE00AFAAA8 /* MyPageViewController+UICollectionViewDataSource.swift */; };
		B414FBD5268AE43500AFAAA8 /* MyPageViewController+UICollectionViewDelegateFlowLayout.swift in Sources */ = {isa = PBXBuildFile; fileRef = B414FBD4268AE43500AFAAA8 /* MyPageViewController+UICollectionViewDelegateFlowLayout.swift */; };
		B414FBD7268AFD7900AFAAA8 /* EditProfileViewController.swift in Sources */ = {isa = PBXBuildFile; fileRef = B414FBD6268AFD7900AFAAA8 /* EditProfileViewController.swift */; };
		B414FBD9268AFE4C00AFAAA8 /* EditProfileView.swift in Sources */ = {isa = PBXBuildFile; fileRef = B414FBD8268AFE4C00AFAAA8 /* EditProfileView.swift */; };
		B417692426BA4D6300C5B3A7 /* CreateTopicViewController.swift in Sources */ = {isa = PBXBuildFile; fileRef = B417692326BA4D6300C5B3A7 /* CreateTopicViewController.swift */; };
		B417692626BA4D8800C5B3A7 /* CreateTopicView.swift in Sources */ = {isa = PBXBuildFile; fileRef = B417692526BA4D8800C5B3A7 /* CreateTopicView.swift */; };
		B41A3C8D27097E3000192965 /* HomeViewController.swift in Sources */ = {isa = PBXBuildFile; fileRef = B41A3C8C27097E3000192965 /* HomeViewController.swift */; };
		B41A3C8F27097E9700192965 /* ContainerViewController.swift in Sources */ = {isa = PBXBuildFile; fileRef = B41A3C8E27097E9700192965 /* ContainerViewController.swift */; };
		B41A3C9127097F5800192965 /* UIFont+Ext.swift in Sources */ = {isa = PBXBuildFile; fileRef = B41A3C9027097F5800192965 /* UIFont+Ext.swift */; };
		B41A3C9427098AEB00192965 /* HotViewController.swift in Sources */ = {isa = PBXBuildFile; fileRef = B41A3C9327098AEB00192965 /* HotViewController.swift */; };
		B41AE87126A5B45F006F75AF /* MyPageViewController+UICollectionViewDelegate.swift in Sources */ = {isa = PBXBuildFile; fileRef = B41AE87026A5B45F006F75AF /* MyPageViewController+UICollectionViewDelegate.swift */; };
		B421C4F52691AFC70088119D /* HomeTableView.swift in Sources */ = {isa = PBXBuildFile; fileRef = B421C4F42691AFC70088119D /* HomeTableView.swift */; };
		B421C4F72691B0810088119D /* HomeHeaderView.swift in Sources */ = {isa = PBXBuildFile; fileRef = B421C4F62691B0810088119D /* HomeHeaderView.swift */; };
		B424C6ED26959B20003EC0F9 /* NLPPoemFormView.swift in Sources */ = {isa = PBXBuildFile; fileRef = B424C6EC26959B20003EC0F9 /* NLPPoemFormView.swift */; };
		B42DDDC9275D1C6F00A9A2E0 /* CurrentUserViewModel.swift in Sources */ = {isa = PBXBuildFile; fileRef = B42DDDC8275D1C6F00A9A2E0 /* CurrentUserViewModel.swift */; };
		B42EE571267EF5FA001848A5 /* GoogleService-Info.plist in Resources */ = {isa = PBXBuildFile; fileRef = B42EE570267EF5FA001848A5 /* GoogleService-Info.plist */; };
		B42EE574267EF6C7001848A5 /* FirebaseAnalytics in Frameworks */ = {isa = PBXBuildFile; productRef = B42EE573267EF6C7001848A5 /* FirebaseAnalytics */; };
		B42EE576267EF6C7001848A5 /* FirebaseCrashlytics in Frameworks */ = {isa = PBXBuildFile; productRef = B42EE575267EF6C7001848A5 /* FirebaseCrashlytics */; };
		B42EE578267EF6C7001848A5 /* FirebaseStorage in Frameworks */ = {isa = PBXBuildFile; productRef = B42EE577267EF6C7001848A5 /* FirebaseStorage */; };
		B42EE57A267EF6C7001848A5 /* FirebaseAuth in Frameworks */ = {isa = PBXBuildFile; productRef = B42EE579267EF6C7001848A5 /* FirebaseAuth */; };
		B42EE57C267EF6C7001848A5 /* FirebaseFirestore in Frameworks */ = {isa = PBXBuildFile; productRef = B42EE57B267EF6C7001848A5 /* FirebaseFirestore */; };
		B42EE57E267EF6C7001848A5 /* FirebaseDatabase in Frameworks */ = {isa = PBXBuildFile; productRef = B42EE57D267EF6C7001848A5 /* FirebaseDatabase */; };
		B42EE581267EFA55001848A5 /* SignInViewController.swift in Sources */ = {isa = PBXBuildFile; fileRef = B42EE580267EFA55001848A5 /* SignInViewController.swift */; };
		B42EE585267EFD6D001848A5 /* NLPButton.swift in Sources */ = {isa = PBXBuildFile; fileRef = B42EE584267EFD6D001848A5 /* NLPButton.swift */; };
		B42EE587267EFD7D001848A5 /* NLPTextField.swift in Sources */ = {isa = PBXBuildFile; fileRef = B42EE586267EFD7D001848A5 /* NLPTextField.swift */; };
		B42EE589267F04BE001848A5 /* NLPLogoImageView.swift in Sources */ = {isa = PBXBuildFile; fileRef = B42EE588267F04BE001848A5 /* NLPLogoImageView.swift */; };
		B42EE58C267F0505001848A5 /* Constants.swift in Sources */ = {isa = PBXBuildFile; fileRef = B42EE58B267F0505001848A5 /* Constants.swift */; };
		B42EE58E267F0D57001848A5 /* SignUpViewController.swift in Sources */ = {isa = PBXBuildFile; fileRef = B42EE58D267F0D57001848A5 /* SignUpViewController.swift */; };
		B43BBC392682F2D100B4A8DC /* SettingViewController.swift in Sources */ = {isa = PBXBuildFile; fileRef = B43BBC382682F2D100B4A8DC /* SettingViewController.swift */; };
		B43BBC3C2682F31000B4A8DC /* SettingTableView.swift in Sources */ = {isa = PBXBuildFile; fileRef = B43BBC3B2682F31000B4A8DC /* SettingTableView.swift */; };
		B44617E52685B718009AE2A5 /* ProfileCollectionView.swift in Sources */ = {isa = PBXBuildFile; fileRef = B44617E42685B718009AE2A5 /* ProfileCollectionView.swift */; };
		B44D81B927B0CDBF00AB168B /* MainTabBarCoordinator.swift in Sources */ = {isa = PBXBuildFile; fileRef = B44D81B827B0CDBF00AB168B /* MainTabBarCoordinator.swift */; };
		B45494072681A1A50075D16C /* MyPageViewController.swift in Sources */ = {isa = PBXBuildFile; fileRef = B45494062681A1A50075D16C /* MyPageViewController.swift */; };
		B45494092681A1B60075D16C /* MyPageHeaderView.swift in Sources */ = {isa = PBXBuildFile; fileRef = B45494082681A1B60075D16C /* MyPageHeaderView.swift */; };
		B454940B2681A4400075D16C /* NLPTabBarController.swift in Sources */ = {isa = PBXBuildFile; fileRef = B454940A2681A4400075D16C /* NLPTabBarController.swift */; };
		B454940D2681B3480075D16C /* LaunchViewController.swift in Sources */ = {isa = PBXBuildFile; fileRef = B454940C2681B3480075D16C /* LaunchViewController.swift */; };
		B45494112681C6B80075D16C /* NLPProfileLabel.swift in Sources */ = {isa = PBXBuildFile; fileRef = B45494102681C6B80075D16C /* NLPProfileLabel.swift */; };
		B45656A126A2A42600EAB3C9 /* SignInView.swift in Sources */ = {isa = PBXBuildFile; fileRef = B45656A026A2A42600EAB3C9 /* SignInView.swift */; };
		B45822BB27573D6E005BB13A /* DocumentReference+Rx.swift in Sources */ = {isa = PBXBuildFile; fileRef = B45822BA27573D6E005BB13A /* DocumentReference+Rx.swift */; };
		B45822BD27573D93005BB13A /* Query+Rx.swift in Sources */ = {isa = PBXBuildFile; fileRef = B45822BC27573D93005BB13A /* Query+Rx.swift */; };
		B45822C02757421C005BB13A /* PoemListViewModel.swift in Sources */ = {isa = PBXBuildFile; fileRef = B45822BF2757421C005BB13A /* PoemListViewModel.swift */; };
		B45822C227574221005BB13A /* PoemViewModel.swift in Sources */ = {isa = PBXBuildFile; fileRef = B45822C127574221005BB13A /* PoemViewModel.swift */; };
		B45936C526AA95D600F51476 /* NanumScript.ttc in Resources */ = {isa = PBXBuildFile; fileRef = B45936C426AA95D600F51476 /* NanumScript.ttc */; };
		B45936C726AA964300F51476 /* BMYeongSung-Regular.otf in Resources */ = {isa = PBXBuildFile; fileRef = B45936C626AA964300F51476 /* BMYeongSung-Regular.otf */; };
		B459CC3427683FE00084A845 /* FirebaseAuthApi.swift in Sources */ = {isa = PBXBuildFile; fileRef = B459CC3327683FE00084A845 /* FirebaseAuthApi.swift */; };
		B45BB30A271554120021D3D4 /* SearchViewController.swift in Sources */ = {isa = PBXBuildFile; fileRef = B45BB309271554120021D3D4 /* SearchViewController.swift */; };
		B45BB30C2715597B0021D3D4 /* SearchViewModel.swift in Sources */ = {isa = PBXBuildFile; fileRef = B45BB30B2715597B0021D3D4 /* SearchViewModel.swift */; };
		B45F804A26CBEF300013C54E /* DataLoadingViewController.swift in Sources */ = {isa = PBXBuildFile; fileRef = B45F804926CBEF300013C54E /* DataLoadingViewController.swift */; };
		B461D38B27D092EA008D15C4 /* HotViewModel.swift in Sources */ = {isa = PBXBuildFile; fileRef = B461D38A27D092EA008D15C4 /* HotViewModel.swift */; };
		B461D38D27D09326008D15C4 /* ViewModelType.swift in Sources */ = {isa = PBXBuildFile; fileRef = B461D38C27D09326008D15C4 /* ViewModelType.swift */; };
		B466044827002C8E0044C2F8 /* NLPCheckBoxButton.swift in Sources */ = {isa = PBXBuildFile; fileRef = B466044727002C8E0044C2F8 /* NLPCheckBoxButton.swift */; };
		B466044A270066B60044C2F8 /* FirstCreatePoemViewController.swift in Sources */ = {isa = PBXBuildFile; fileRef = B4660449270066B60044C2F8 /* FirstCreatePoemViewController.swift */; };
		B466044C270067340044C2F8 /* FirstCreateView.swift in Sources */ = {isa = PBXBuildFile; fileRef = B466044B270067340044C2F8 /* FirstCreateView.swift */; };
		B466044E27007C780044C2F8 /* TodayViewController+Firebase.swift in Sources */ = {isa = PBXBuildFile; fileRef = B466044D27007C780044C2F8 /* TodayViewController+Firebase.swift */; };
		B466045027007D930044C2F8 /* CantCreatePoemViewController.swift in Sources */ = {isa = PBXBuildFile; fileRef = B466044F27007D930044C2F8 /* CantCreatePoemViewController.swift */; };
		B4660452270081020044C2F8 /* PoemCreator.swift in Sources */ = {isa = PBXBuildFile; fileRef = B4660451270081020044C2F8 /* PoemCreator.swift */; };
		B46D67DE26FC8A3E00FDD7FA /* ReportDatabaseManager.swift in Sources */ = {isa = PBXBuildFile; fileRef = B46D67DD26FC8A3E00FDD7FA /* ReportDatabaseManager.swift */; };
		B46EE4C02730FF1F00A3D640 /* UserProfileViewController.swift in Sources */ = {isa = PBXBuildFile; fileRef = B46EE4BF2730FF1F00A3D640 /* UserProfileViewController.swift */; };
		B46EE4C4273108CB00A3D640 /* UserProfileViewController+UICollectionViewDataSource.swift in Sources */ = {isa = PBXBuildFile; fileRef = B46EE4C3273108CB00A3D640 /* UserProfileViewController+UICollectionViewDataSource.swift */; };
		B46EE4C627310B2800A3D640 /* ProfileCollectionHelper.swift in Sources */ = {isa = PBXBuildFile; fileRef = B46EE4C527310B2800A3D640 /* ProfileCollectionHelper.swift */; };
		B46EE4C827310E8100A3D640 /* UserProfileViewController+UICollectionViewDelegateFlowLayout.swift in Sources */ = {isa = PBXBuildFile; fileRef = B46EE4C727310E8100A3D640 /* UserProfileViewController+UICollectionViewDelegateFlowLayout.swift */; };
		B46EE4CB2731118700A3D640 /* UserProfileHeaderView.swift in Sources */ = {isa = PBXBuildFile; fileRef = B46EE4CA2731118700A3D640 /* UserProfileHeaderView.swift */; };
		B4723B212738D2E9005F9098 /* UINavigationController+Ext.swift in Sources */ = {isa = PBXBuildFile; fileRef = B4723B202738D2E9005F9098 /* UINavigationController+Ext.swift */; };
		B4738DE9273250E80063915D /* UserProfileViewController+UICollectionViewDelegate.swift in Sources */ = {isa = PBXBuildFile; fileRef = B4738DE8273250E80063915D /* UserProfileViewController+UICollectionViewDelegate.swift */; };
		B476CE1D27ACEFE30035EB94 /* Router.swift in Sources */ = {isa = PBXBuildFile; fileRef = B476CE1C27ACEFE30035EB94 /* Router.swift */; };
		B476CE1F27ACF1900035EB94 /* Coordinator.swift in Sources */ = {isa = PBXBuildFile; fileRef = B476CE1E27ACF1900035EB94 /* Coordinator.swift */; };
		B476CE2127ACF40F0035EB94 /* SceneRouter.swift in Sources */ = {isa = PBXBuildFile; fileRef = B476CE2027ACF40F0035EB94 /* SceneRouter.swift */; };
		B476CE2327ACF5120035EB94 /* SceneCoordinator.swift in Sources */ = {isa = PBXBuildFile; fileRef = B476CE2227ACF5120035EB94 /* SceneCoordinator.swift */; };
		B476CE2527AD2DD60035EB94 /* TabBarRouter.swift in Sources */ = {isa = PBXBuildFile; fileRef = B476CE2427AD2DD60035EB94 /* TabBarRouter.swift */; };
		B47875192671F540002FE83F /* AppDelegate.swift in Sources */ = {isa = PBXBuildFile; fileRef = B47875182671F540002FE83F /* AppDelegate.swift */; };
		B478751B2671F540002FE83F /* SceneDelegate.swift in Sources */ = {isa = PBXBuildFile; fileRef = B478751A2671F540002FE83F /* SceneDelegate.swift */; };
		B478751D2671F540002FE83F /* TodayViewController.swift in Sources */ = {isa = PBXBuildFile; fileRef = B478751C2671F540002FE83F /* TodayViewController.swift */; };
		B47875222671F540002FE83F /* Assets.xcassets in Resources */ = {isa = PBXBuildFile; fileRef = B47875212671F540002FE83F /* Assets.xcassets */; };
		B47875252671F540002FE83F /* LaunchScreen.storyboard in Resources */ = {isa = PBXBuildFile; fileRef = B47875232671F540002FE83F /* LaunchScreen.storyboard */; };
		B478752E2671FA8E002FE83F /* NLPUser.swift in Sources */ = {isa = PBXBuildFile; fileRef = B478752D2671FA8E002FE83F /* NLPUser.swift */; };
		B47B432126F0DAD3006C3EB6 /* DeveloperInfoViewController.swift in Sources */ = {isa = PBXBuildFile; fileRef = B47B432026F0DAD3006C3EB6 /* DeveloperInfoViewController.swift */; };
		B47CC3E7269AB36D00F1F003 /* PoemDetailViewController.swift in Sources */ = {isa = PBXBuildFile; fileRef = B47CC3E6269AB36D00F1F003 /* PoemDetailViewController.swift */; };
		B47CC3E9269AB8C100F1F003 /* NLPBoldLabel.swift in Sources */ = {isa = PBXBuildFile; fileRef = B47CC3E8269AB8C100F1F003 /* NLPBoldLabel.swift */; };
		B47CC3EB269ABAFE00F1F003 /* PoemDetailView.swift in Sources */ = {isa = PBXBuildFile; fileRef = B47CC3EA269ABAFE00F1F003 /* PoemDetailView.swift */; };
		B48459EA26A45FE700BA1484 /* UserDatabaseManager.swift in Sources */ = {isa = PBXBuildFile; fileRef = B48459E926A45FE700BA1484 /* UserDatabaseManager.swift */; };
		B486601F2758740A00ED0F6B /* TopicViewModel.swift in Sources */ = {isa = PBXBuildFile; fileRef = B486601E2758740A00ED0F6B /* TopicViewModel.swift */; };
		B48660222758923A00ED0F6B /* AlertControllerHelper.swift in Sources */ = {isa = PBXBuildFile; fileRef = B48660212758923A00ED0F6B /* AlertControllerHelper.swift */; };
		B48660242758A25800ED0F6B /* UserViewModel.swift in Sources */ = {isa = PBXBuildFile; fileRef = B48660232758A25800ED0F6B /* UserViewModel.swift */; };
		B48AC7DB27B4D263007BBD27 /* SignInRegisterCoordinator.swift in Sources */ = {isa = PBXBuildFile; fileRef = B48AC7DA27B4D263007BBD27 /* SignInRegisterCoordinator.swift */; };
		B48AC7DD27B4D440007BBD27 /* SignInRegisterRouter.swift in Sources */ = {isa = PBXBuildFile; fileRef = B48AC7DC27B4D440007BBD27 /* SignInRegisterRouter.swift */; };
		B48BD9BE26A000F70044A2B8 /* SignUpView.swift in Sources */ = {isa = PBXBuildFile; fileRef = B48BD9BD26A000F70044A2B8 /* SignUpView.swift */; };
		B48BD9C026A002660044A2B8 /* AuthManager.swift in Sources */ = {isa = PBXBuildFile; fileRef = B48BD9BF26A002660044A2B8 /* AuthManager.swift */; };
		B48BD9C226A005A40044A2B8 /* NLPNavigationBar.swift in Sources */ = {isa = PBXBuildFile; fileRef = B48BD9C126A005A40044A2B8 /* NLPNavigationBar.swift */; };
		B4ADCD4B270AC3BC005ADA93 /* NLPBarButton.swift in Sources */ = {isa = PBXBuildFile; fileRef = B4ADCD4A270AC3BC005ADA93 /* NLPBarButton.swift */; };
		B4ADCD4F270B0942005ADA93 /* HomeViewController+Firebase.swift in Sources */ = {isa = PBXBuildFile; fileRef = B4ADCD4E270B0942005ADA93 /* HomeViewController+Firebase.swift */; };
		B4B03B4326DF321300B59BF7 /* DatabaseRequest.swift in Sources */ = {isa = PBXBuildFile; fileRef = B4B03B4226DF321300B59BF7 /* DatabaseRequest.swift */; };
		B4B1374D27E700B80084F471 /* NLetterPoemUser.swift in Sources */ = {isa = PBXBuildFile; fileRef = B4B1374C27E700B80084F471 /* NLetterPoemUser.swift */; };
		B4B1374F27E700C80084F471 /* NLetterPoem.swift in Sources */ = {isa = PBXBuildFile; fileRef = B4B1374E27E700C80084F471 /* NLetterPoem.swift */; };
		B4B1375127E700D20084F471 /* NLetterTopic.swift in Sources */ = {isa = PBXBuildFile; fileRef = B4B1375027E700D20084F471 /* NLetterTopic.swift */; };
		B4B1375327E704FB0084F471 /* PoemsUseCase.swift in Sources */ = {isa = PBXBuildFile; fileRef = B4B1375227E704FB0084F471 /* PoemsUseCase.swift */; };
		B4B1375527E706C80084F471 /* UserUseCase.swift in Sources */ = {isa = PBXBuildFile; fileRef = B4B1375427E706C80084F471 /* UserUseCase.swift */; };
		B4B1375727E707D80084F471 /* TopicUseCase.swift in Sources */ = {isa = PBXBuildFile; fileRef = B4B1375627E707D80084F471 /* TopicUseCase.swift */; };
		B4B1375927E7096D0084F471 /* UseCaseProvider.swift in Sources */ = {isa = PBXBuildFile; fileRef = B4B1375827E7096D0084F471 /* UseCaseProvider.swift */; };
		B4B1D955272A4F340025AA84 /* TodayTableViewDataSource.swift in Sources */ = {isa = PBXBuildFile; fileRef = B4B1D954272A4F340025AA84 /* TodayTableViewDataSource.swift */; };
		B4BE437A2756FFFF002E565D /* FirestorePoemApi.swift in Sources */ = {isa = PBXBuildFile; fileRef = B4BE43792756FFFF002E565D /* FirestorePoemApi.swift */; };
		B4BE437C27570009002E565D /* FirestoreTopicApi.swift in Sources */ = {isa = PBXBuildFile; fileRef = B4BE437B27570009002E565D /* FirestoreTopicApi.swift */; };
		B4BE437E27570014002E565D /* FirestoreUserApi.swift in Sources */ = {isa = PBXBuildFile; fileRef = B4BE437D27570014002E565D /* FirestoreUserApi.swift */; };
		B4BE438027572AE8002E565D /* WriteBatch+Rx.swift in Sources */ = {isa = PBXBuildFile; fileRef = B4BE437F27572AE8002E565D /* WriteBatch+Rx.swift */; };
		B4BE438227572ED7002E565D /* FirestoreService.swift in Sources */ = {isa = PBXBuildFile; fileRef = B4BE438127572ED7002E565D /* FirestoreService.swift */; };
		B4C3F3ED269418A600CED1A9 /* TodayViewController+UITableViewDelegate.swift in Sources */ = {isa = PBXBuildFile; fileRef = B4C3F3EC269418A600CED1A9 /* TodayViewController+UITableViewDelegate.swift */; };
		B4C3F3F1269418C500CED1A9 /* TodayViewController+HomeTableViewDelegate.swift in Sources */ = {isa = PBXBuildFile; fileRef = B4C3F3F0269418C500CED1A9 /* TodayViewController+HomeTableViewDelegate.swift */; };
		B4C3F3F326941C5800CED1A9 /* HomeTableViewCell.swift in Sources */ = {isa = PBXBuildFile; fileRef = B4C3F3F226941C5800CED1A9 /* HomeTableViewCell.swift */; };
		B4C3F3F526942F2E00CED1A9 /* String+Ext.swift in Sources */ = {isa = PBXBuildFile; fileRef = B4C3F3F426942F2E00CED1A9 /* String+Ext.swift */; };
		B4C3F3F72694394200CED1A9 /* CreatePoemViewController.swift in Sources */ = {isa = PBXBuildFile; fileRef = B4C3F3F62694394200CED1A9 /* CreatePoemViewController.swift */; };
		B4C3F3F9269439C400CED1A9 /* CreatePoemView.swift in Sources */ = {isa = PBXBuildFile; fileRef = B4C3F3F8269439C400CED1A9 /* CreatePoemView.swift */; };
		B4C6404626806DAE007A7B59 /* NLPError.swift in Sources */ = {isa = PBXBuildFile; fileRef = B4C6404526806DAE007A7B59 /* NLPError.swift */; };
		B4C6404926806F13007A7B59 /* ViewController+Ext.swift in Sources */ = {isa = PBXBuildFile; fileRef = B4C6404826806F13007A7B59 /* ViewController+Ext.swift */; };
		B4CB3771268310CA00CD4F10 /* RankingViewController.swift in Sources */ = {isa = PBXBuildFile; fileRef = B4CB3770268310CA00CD4F10 /* RankingViewController.swift */; };
		B4CDD1EB268841630086AADE /* NLPPoem.swift in Sources */ = {isa = PBXBuildFile; fileRef = B4CDD1EA268841630086AADE /* NLPPoem.swift */; };
		B4CDD1EE26884AA40086AADE /* FirebaseFirestoreSwift-Beta in Frameworks */ = {isa = PBXBuildFile; productRef = B4CDD1ED26884AA40086AADE /* FirebaseFirestoreSwift-Beta */; };
		B4D1BE97268D903A00968C5B /* Privacy.swift in Sources */ = {isa = PBXBuildFile; fileRef = B4D1BE96268D903A00968C5B /* Privacy.swift */; };
		B4D637A026D7B3E900FF1720 /* CantCreatePoemView.swift in Sources */ = {isa = PBXBuildFile; fileRef = B4D6379F26D7B3E900FF1720 /* CantCreatePoemView.swift */; };
		B4D637A226D7B52800FF1720 /* NLPYeonSungFontLabel.swift in Sources */ = {isa = PBXBuildFile; fileRef = B4D637A126D7B52800FF1720 /* NLPYeonSungFontLabel.swift */; };
		B4DC3F4E26AD3A9000652E4C /* HomeEmptyCell.swift in Sources */ = {isa = PBXBuildFile; fileRef = B4DC3F4D26AD3A9000652E4C /* HomeEmptyCell.swift */; };
		B4EB6AA426C108E70024B4FD /* SettingViewController+UITableViewDelegate.swift in Sources */ = {isa = PBXBuildFile; fileRef = B4EB6AA326C108E70024B4FD /* SettingViewController+UITableViewDelegate.swift */; };
		B4EB6AA626C1091E0024B4FD /* SettingViewController+UITableViewDataSource.swift in Sources */ = {isa = PBXBuildFile; fileRef = B4EB6AA526C1091E0024B4FD /* SettingViewController+UITableViewDataSource.swift */; };
		B4F2598B2692EA6300FF95A4 /* Date+Ext.swift in Sources */ = {isa = PBXBuildFile; fileRef = B4F2598A2692EA6300FF95A4 /* Date+Ext.swift */; };
		B4F2598D2692EC4A00FF95A4 /* NLPTopic.swift in Sources */ = {isa = PBXBuildFile; fileRef = B4F2598C2692EC4A00FF95A4 /* NLPTopic.swift */; };
		B4F6AA1526A3F29D00DB119D /* RankingTableView.swift in Sources */ = {isa = PBXBuildFile; fileRef = B4F6AA1426A3F29D00DB119D /* RankingTableView.swift */; };
		B4F6AA1726A3F5DA00DB119D /* RankingTableViewCell.swift in Sources */ = {isa = PBXBuildFile; fileRef = B4F6AA1626A3F5DA00DB119D /* RankingTableViewCell.swift */; };
/* End PBXBuildFile section */

/* Begin PBXFileReference section */
		08FFBC47B769FF2A3675D51E /* Pods_NLetterPoem.framework */ = {isa = PBXFileReference; explicitFileType = wrapper.framework; includeInIndex = 0; path = Pods_NLetterPoem.framework; sourceTree = BUILT_PRODUCTS_DIR; };
		B40EB925270C41CB00FADFC6 /* Auth+Rx.swift */ = {isa = PBXFileReference; lastKnownFileType = sourcecode.swift; path = "Auth+Rx.swift"; sourceTree = "<group>"; };
		B414FBCF268ADB9C00AFAAA8 /* MyPageCollectionViewCell.swift */ = {isa = PBXFileReference; lastKnownFileType = sourcecode.swift; path = MyPageCollectionViewCell.swift; sourceTree = "<group>"; };
		B414FBD2268AE3FE00AFAAA8 /* MyPageViewController+UICollectionViewDataSource.swift */ = {isa = PBXFileReference; lastKnownFileType = sourcecode.swift; path = "MyPageViewController+UICollectionViewDataSource.swift"; sourceTree = "<group>"; };
		B414FBD4268AE43500AFAAA8 /* MyPageViewController+UICollectionViewDelegateFlowLayout.swift */ = {isa = PBXFileReference; lastKnownFileType = sourcecode.swift; path = "MyPageViewController+UICollectionViewDelegateFlowLayout.swift"; sourceTree = "<group>"; };
		B414FBD6268AFD7900AFAAA8 /* EditProfileViewController.swift */ = {isa = PBXFileReference; lastKnownFileType = sourcecode.swift; path = EditProfileViewController.swift; sourceTree = "<group>"; };
		B414FBD8268AFE4C00AFAAA8 /* EditProfileView.swift */ = {isa = PBXFileReference; lastKnownFileType = sourcecode.swift; path = EditProfileView.swift; sourceTree = "<group>"; };
		B417692326BA4D6300C5B3A7 /* CreateTopicViewController.swift */ = {isa = PBXFileReference; lastKnownFileType = sourcecode.swift; path = CreateTopicViewController.swift; sourceTree = "<group>"; };
		B417692526BA4D8800C5B3A7 /* CreateTopicView.swift */ = {isa = PBXFileReference; lastKnownFileType = sourcecode.swift; path = CreateTopicView.swift; sourceTree = "<group>"; };
		B41A3C8C27097E3000192965 /* HomeViewController.swift */ = {isa = PBXFileReference; lastKnownFileType = sourcecode.swift; path = HomeViewController.swift; sourceTree = "<group>"; };
		B41A3C8E27097E9700192965 /* ContainerViewController.swift */ = {isa = PBXFileReference; lastKnownFileType = sourcecode.swift; path = ContainerViewController.swift; sourceTree = "<group>"; };
		B41A3C9027097F5800192965 /* UIFont+Ext.swift */ = {isa = PBXFileReference; lastKnownFileType = sourcecode.swift; path = "UIFont+Ext.swift"; sourceTree = "<group>"; };
		B41A3C9327098AEB00192965 /* HotViewController.swift */ = {isa = PBXFileReference; lastKnownFileType = sourcecode.swift; path = HotViewController.swift; sourceTree = "<group>"; };
		B41AE87026A5B45F006F75AF /* MyPageViewController+UICollectionViewDelegate.swift */ = {isa = PBXFileReference; lastKnownFileType = sourcecode.swift; path = "MyPageViewController+UICollectionViewDelegate.swift"; sourceTree = "<group>"; };
		B421C4F42691AFC70088119D /* HomeTableView.swift */ = {isa = PBXFileReference; lastKnownFileType = sourcecode.swift; path = HomeTableView.swift; sourceTree = "<group>"; };
		B421C4F62691B0810088119D /* HomeHeaderView.swift */ = {isa = PBXFileReference; lastKnownFileType = sourcecode.swift; path = HomeHeaderView.swift; sourceTree = "<group>"; };
		B424C6EC26959B20003EC0F9 /* NLPPoemFormView.swift */ = {isa = PBXFileReference; lastKnownFileType = sourcecode.swift; path = NLPPoemFormView.swift; sourceTree = "<group>"; };
		B42DDDC8275D1C6F00A9A2E0 /* CurrentUserViewModel.swift */ = {isa = PBXFileReference; lastKnownFileType = sourcecode.swift; path = CurrentUserViewModel.swift; sourceTree = "<group>"; };
		B42EE570267EF5FA001848A5 /* GoogleService-Info.plist */ = {isa = PBXFileReference; fileEncoding = 4; lastKnownFileType = text.plist.xml; path = "GoogleService-Info.plist"; sourceTree = "<group>"; };
		B42EE580267EFA55001848A5 /* SignInViewController.swift */ = {isa = PBXFileReference; lastKnownFileType = sourcecode.swift; path = SignInViewController.swift; sourceTree = "<group>"; };
		B42EE584267EFD6D001848A5 /* NLPButton.swift */ = {isa = PBXFileReference; lastKnownFileType = sourcecode.swift; path = NLPButton.swift; sourceTree = "<group>"; };
		B42EE586267EFD7D001848A5 /* NLPTextField.swift */ = {isa = PBXFileReference; lastKnownFileType = sourcecode.swift; path = NLPTextField.swift; sourceTree = "<group>"; };
		B42EE588267F04BE001848A5 /* NLPLogoImageView.swift */ = {isa = PBXFileReference; lastKnownFileType = sourcecode.swift; path = NLPLogoImageView.swift; sourceTree = "<group>"; };
		B42EE58B267F0505001848A5 /* Constants.swift */ = {isa = PBXFileReference; lastKnownFileType = sourcecode.swift; path = Constants.swift; sourceTree = "<group>"; };
		B42EE58D267F0D57001848A5 /* SignUpViewController.swift */ = {isa = PBXFileReference; lastKnownFileType = sourcecode.swift; path = SignUpViewController.swift; sourceTree = "<group>"; };
		B43BBC382682F2D100B4A8DC /* SettingViewController.swift */ = {isa = PBXFileReference; lastKnownFileType = sourcecode.swift; path = SettingViewController.swift; sourceTree = "<group>"; };
		B43BBC3B2682F31000B4A8DC /* SettingTableView.swift */ = {isa = PBXFileReference; lastKnownFileType = sourcecode.swift; path = SettingTableView.swift; sourceTree = "<group>"; };
		B44617E42685B718009AE2A5 /* ProfileCollectionView.swift */ = {isa = PBXFileReference; lastKnownFileType = sourcecode.swift; path = ProfileCollectionView.swift; sourceTree = "<group>"; };
		B44D81B827B0CDBF00AB168B /* MainTabBarCoordinator.swift */ = {isa = PBXFileReference; lastKnownFileType = sourcecode.swift; path = MainTabBarCoordinator.swift; sourceTree = "<group>"; };
		B45494062681A1A50075D16C /* MyPageViewController.swift */ = {isa = PBXFileReference; lastKnownFileType = sourcecode.swift; path = MyPageViewController.swift; sourceTree = "<group>"; };
		B45494082681A1B60075D16C /* MyPageHeaderView.swift */ = {isa = PBXFileReference; lastKnownFileType = sourcecode.swift; path = MyPageHeaderView.swift; sourceTree = "<group>"; };
		B454940A2681A4400075D16C /* NLPTabBarController.swift */ = {isa = PBXFileReference; lastKnownFileType = sourcecode.swift; path = NLPTabBarController.swift; sourceTree = "<group>"; };
		B454940C2681B3480075D16C /* LaunchViewController.swift */ = {isa = PBXFileReference; lastKnownFileType = sourcecode.swift; path = LaunchViewController.swift; sourceTree = "<group>"; };
		B45494102681C6B80075D16C /* NLPProfileLabel.swift */ = {isa = PBXFileReference; lastKnownFileType = sourcecode.swift; path = NLPProfileLabel.swift; sourceTree = "<group>"; };
		B45656A026A2A42600EAB3C9 /* SignInView.swift */ = {isa = PBXFileReference; lastKnownFileType = sourcecode.swift; path = SignInView.swift; sourceTree = "<group>"; };
		B45822BA27573D6E005BB13A /* DocumentReference+Rx.swift */ = {isa = PBXFileReference; lastKnownFileType = sourcecode.swift; path = "DocumentReference+Rx.swift"; sourceTree = "<group>"; };
		B45822BC27573D93005BB13A /* Query+Rx.swift */ = {isa = PBXFileReference; lastKnownFileType = sourcecode.swift; path = "Query+Rx.swift"; sourceTree = "<group>"; };
		B45822BF2757421C005BB13A /* PoemListViewModel.swift */ = {isa = PBXFileReference; lastKnownFileType = sourcecode.swift; path = PoemListViewModel.swift; sourceTree = "<group>"; };
		B45822C127574221005BB13A /* PoemViewModel.swift */ = {isa = PBXFileReference; lastKnownFileType = sourcecode.swift; path = PoemViewModel.swift; sourceTree = "<group>"; };
		B45936C426AA95D600F51476 /* NanumScript.ttc */ = {isa = PBXFileReference; lastKnownFileType = file; path = NanumScript.ttc; sourceTree = "<group>"; };
		B45936C626AA964300F51476 /* BMYeongSung-Regular.otf */ = {isa = PBXFileReference; lastKnownFileType = file; path = "BMYeongSung-Regular.otf"; sourceTree = "<group>"; };
		B459CC3327683FE00084A845 /* FirebaseAuthApi.swift */ = {isa = PBXFileReference; lastKnownFileType = sourcecode.swift; path = FirebaseAuthApi.swift; sourceTree = "<group>"; };
		B45BB309271554120021D3D4 /* SearchViewController.swift */ = {isa = PBXFileReference; lastKnownFileType = sourcecode.swift; path = SearchViewController.swift; sourceTree = "<group>"; };
		B45BB30B2715597B0021D3D4 /* SearchViewModel.swift */ = {isa = PBXFileReference; lastKnownFileType = sourcecode.swift; path = SearchViewModel.swift; sourceTree = "<group>"; };
		B45F804926CBEF300013C54E /* DataLoadingViewController.swift */ = {isa = PBXFileReference; lastKnownFileType = sourcecode.swift; path = DataLoadingViewController.swift; sourceTree = "<group>"; };
		B461D38A27D092EA008D15C4 /* HotViewModel.swift */ = {isa = PBXFileReference; lastKnownFileType = sourcecode.swift; path = HotViewModel.swift; sourceTree = "<group>"; };
		B461D38C27D09326008D15C4 /* ViewModelType.swift */ = {isa = PBXFileReference; lastKnownFileType = sourcecode.swift; path = ViewModelType.swift; sourceTree = "<group>"; };
		B466044727002C8E0044C2F8 /* NLPCheckBoxButton.swift */ = {isa = PBXFileReference; lastKnownFileType = sourcecode.swift; path = NLPCheckBoxButton.swift; sourceTree = "<group>"; };
		B4660449270066B60044C2F8 /* FirstCreatePoemViewController.swift */ = {isa = PBXFileReference; lastKnownFileType = sourcecode.swift; path = FirstCreatePoemViewController.swift; sourceTree = "<group>"; };
		B466044B270067340044C2F8 /* FirstCreateView.swift */ = {isa = PBXFileReference; lastKnownFileType = sourcecode.swift; path = FirstCreateView.swift; sourceTree = "<group>"; };
		B466044D27007C780044C2F8 /* TodayViewController+Firebase.swift */ = {isa = PBXFileReference; lastKnownFileType = sourcecode.swift; path = "TodayViewController+Firebase.swift"; sourceTree = "<group>"; };
		B466044F27007D930044C2F8 /* CantCreatePoemViewController.swift */ = {isa = PBXFileReference; lastKnownFileType = sourcecode.swift; path = CantCreatePoemViewController.swift; sourceTree = "<group>"; };
		B4660451270081020044C2F8 /* PoemCreator.swift */ = {isa = PBXFileReference; lastKnownFileType = sourcecode.swift; path = PoemCreator.swift; sourceTree = "<group>"; };
		B46D67DD26FC8A3E00FDD7FA /* ReportDatabaseManager.swift */ = {isa = PBXFileReference; lastKnownFileType = sourcecode.swift; path = ReportDatabaseManager.swift; sourceTree = "<group>"; };
		B46EE4BF2730FF1F00A3D640 /* UserProfileViewController.swift */ = {isa = PBXFileReference; lastKnownFileType = sourcecode.swift; path = UserProfileViewController.swift; sourceTree = "<group>"; };
		B46EE4C3273108CB00A3D640 /* UserProfileViewController+UICollectionViewDataSource.swift */ = {isa = PBXFileReference; lastKnownFileType = sourcecode.swift; path = "UserProfileViewController+UICollectionViewDataSource.swift"; sourceTree = "<group>"; };
		B46EE4C527310B2800A3D640 /* ProfileCollectionHelper.swift */ = {isa = PBXFileReference; lastKnownFileType = sourcecode.swift; path = ProfileCollectionHelper.swift; sourceTree = "<group>"; };
		B46EE4C727310E8100A3D640 /* UserProfileViewController+UICollectionViewDelegateFlowLayout.swift */ = {isa = PBXFileReference; lastKnownFileType = sourcecode.swift; path = "UserProfileViewController+UICollectionViewDelegateFlowLayout.swift"; sourceTree = "<group>"; };
		B46EE4CA2731118700A3D640 /* UserProfileHeaderView.swift */ = {isa = PBXFileReference; lastKnownFileType = sourcecode.swift; path = UserProfileHeaderView.swift; sourceTree = "<group>"; };
		B4723B202738D2E9005F9098 /* UINavigationController+Ext.swift */ = {isa = PBXFileReference; lastKnownFileType = sourcecode.swift; path = "UINavigationController+Ext.swift"; sourceTree = "<group>"; };
		B4738DE8273250E80063915D /* UserProfileViewController+UICollectionViewDelegate.swift */ = {isa = PBXFileReference; lastKnownFileType = sourcecode.swift; path = "UserProfileViewController+UICollectionViewDelegate.swift"; sourceTree = "<group>"; };
		B476CE1C27ACEFE30035EB94 /* Router.swift */ = {isa = PBXFileReference; lastKnownFileType = sourcecode.swift; path = Router.swift; sourceTree = "<group>"; };
		B476CE1E27ACF1900035EB94 /* Coordinator.swift */ = {isa = PBXFileReference; lastKnownFileType = sourcecode.swift; path = Coordinator.swift; sourceTree = "<group>"; };
		B476CE2027ACF40F0035EB94 /* SceneRouter.swift */ = {isa = PBXFileReference; lastKnownFileType = sourcecode.swift; path = SceneRouter.swift; sourceTree = "<group>"; };
		B476CE2227ACF5120035EB94 /* SceneCoordinator.swift */ = {isa = PBXFileReference; lastKnownFileType = sourcecode.swift; path = SceneCoordinator.swift; sourceTree = "<group>"; };
		B476CE2427AD2DD60035EB94 /* TabBarRouter.swift */ = {isa = PBXFileReference; lastKnownFileType = sourcecode.swift; path = TabBarRouter.swift; sourceTree = "<group>"; };
		B47875152671F540002FE83F /* NLetterPoem.app */ = {isa = PBXFileReference; explicitFileType = wrapper.application; includeInIndex = 0; path = NLetterPoem.app; sourceTree = BUILT_PRODUCTS_DIR; };
		B47875182671F540002FE83F /* AppDelegate.swift */ = {isa = PBXFileReference; lastKnownFileType = sourcecode.swift; path = AppDelegate.swift; sourceTree = "<group>"; };
		B478751A2671F540002FE83F /* SceneDelegate.swift */ = {isa = PBXFileReference; lastKnownFileType = sourcecode.swift; path = SceneDelegate.swift; sourceTree = "<group>"; };
		B478751C2671F540002FE83F /* TodayViewController.swift */ = {isa = PBXFileReference; lastKnownFileType = sourcecode.swift; path = TodayViewController.swift; sourceTree = "<group>"; };
		B47875212671F540002FE83F /* Assets.xcassets */ = {isa = PBXFileReference; lastKnownFileType = folder.assetcatalog; path = Assets.xcassets; sourceTree = "<group>"; };
		B47875242671F540002FE83F /* Base */ = {isa = PBXFileReference; lastKnownFileType = file.storyboard; name = Base; path = Base.lproj/LaunchScreen.storyboard; sourceTree = "<group>"; };
		B47875262671F540002FE83F /* Info.plist */ = {isa = PBXFileReference; lastKnownFileType = text.plist.xml; path = Info.plist; sourceTree = "<group>"; };
		B478752D2671FA8E002FE83F /* NLPUser.swift */ = {isa = PBXFileReference; lastKnownFileType = sourcecode.swift; path = NLPUser.swift; sourceTree = "<group>"; };
		B47B432026F0DAD3006C3EB6 /* DeveloperInfoViewController.swift */ = {isa = PBXFileReference; lastKnownFileType = sourcecode.swift; path = DeveloperInfoViewController.swift; sourceTree = "<group>"; };
		B47CC3E6269AB36D00F1F003 /* PoemDetailViewController.swift */ = {isa = PBXFileReference; lastKnownFileType = sourcecode.swift; path = PoemDetailViewController.swift; sourceTree = "<group>"; };
		B47CC3E8269AB8C100F1F003 /* NLPBoldLabel.swift */ = {isa = PBXFileReference; lastKnownFileType = sourcecode.swift; path = NLPBoldLabel.swift; sourceTree = "<group>"; };
		B47CC3EA269ABAFE00F1F003 /* PoemDetailView.swift */ = {isa = PBXFileReference; lastKnownFileType = sourcecode.swift; path = PoemDetailView.swift; sourceTree = "<group>"; };
		B48459E926A45FE700BA1484 /* UserDatabaseManager.swift */ = {isa = PBXFileReference; lastKnownFileType = sourcecode.swift; path = UserDatabaseManager.swift; sourceTree = "<group>"; };
		B486601E2758740A00ED0F6B /* TopicViewModel.swift */ = {isa = PBXFileReference; lastKnownFileType = sourcecode.swift; path = TopicViewModel.swift; sourceTree = "<group>"; };
		B48660212758923A00ED0F6B /* AlertControllerHelper.swift */ = {isa = PBXFileReference; lastKnownFileType = sourcecode.swift; path = AlertControllerHelper.swift; sourceTree = "<group>"; };
		B48660232758A25800ED0F6B /* UserViewModel.swift */ = {isa = PBXFileReference; lastKnownFileType = sourcecode.swift; path = UserViewModel.swift; sourceTree = "<group>"; };
		B48AC7DA27B4D263007BBD27 /* SignInRegisterCoordinator.swift */ = {isa = PBXFileReference; lastKnownFileType = sourcecode.swift; path = SignInRegisterCoordinator.swift; sourceTree = "<group>"; };
		B48AC7DC27B4D440007BBD27 /* SignInRegisterRouter.swift */ = {isa = PBXFileReference; lastKnownFileType = sourcecode.swift; path = SignInRegisterRouter.swift; sourceTree = "<group>"; };
		B48BD9BD26A000F70044A2B8 /* SignUpView.swift */ = {isa = PBXFileReference; lastKnownFileType = sourcecode.swift; path = SignUpView.swift; sourceTree = "<group>"; };
		B48BD9BF26A002660044A2B8 /* AuthManager.swift */ = {isa = PBXFileReference; lastKnownFileType = sourcecode.swift; path = AuthManager.swift; sourceTree = "<group>"; };
		B48BD9C126A005A40044A2B8 /* NLPNavigationBar.swift */ = {isa = PBXFileReference; lastKnownFileType = sourcecode.swift; path = NLPNavigationBar.swift; sourceTree = "<group>"; };
		B4ADCD4A270AC3BC005ADA93 /* NLPBarButton.swift */ = {isa = PBXFileReference; lastKnownFileType = sourcecode.swift; path = NLPBarButton.swift; sourceTree = "<group>"; };
		B4ADCD4E270B0942005ADA93 /* HomeViewController+Firebase.swift */ = {isa = PBXFileReference; lastKnownFileType = sourcecode.swift; path = "HomeViewController+Firebase.swift"; sourceTree = "<group>"; };
		B4B03B4226DF321300B59BF7 /* DatabaseRequest.swift */ = {isa = PBXFileReference; lastKnownFileType = sourcecode.swift; path = DatabaseRequest.swift; sourceTree = "<group>"; };
		B4B1374C27E700B80084F471 /* NLetterPoemUser.swift */ = {isa = PBXFileReference; lastKnownFileType = sourcecode.swift; path = NLetterPoemUser.swift; sourceTree = "<group>"; };
		B4B1374E27E700C80084F471 /* NLetterPoem.swift */ = {isa = PBXFileReference; lastKnownFileType = sourcecode.swift; path = NLetterPoem.swift; sourceTree = "<group>"; };
		B4B1375027E700D20084F471 /* NLetterTopic.swift */ = {isa = PBXFileReference; lastKnownFileType = sourcecode.swift; path = NLetterTopic.swift; sourceTree = "<group>"; };
		B4B1375227E704FB0084F471 /* PoemsUseCase.swift */ = {isa = PBXFileReference; lastKnownFileType = sourcecode.swift; path = PoemsUseCase.swift; sourceTree = "<group>"; };
		B4B1375427E706C80084F471 /* UserUseCase.swift */ = {isa = PBXFileReference; lastKnownFileType = sourcecode.swift; path = UserUseCase.swift; sourceTree = "<group>"; };
		B4B1375627E707D80084F471 /* TopicUseCase.swift */ = {isa = PBXFileReference; lastKnownFileType = sourcecode.swift; path = TopicUseCase.swift; sourceTree = "<group>"; };
		B4B1375827E7096D0084F471 /* UseCaseProvider.swift */ = {isa = PBXFileReference; lastKnownFileType = sourcecode.swift; path = UseCaseProvider.swift; sourceTree = "<group>"; };
		B4B1D954272A4F340025AA84 /* TodayTableViewDataSource.swift */ = {isa = PBXFileReference; lastKnownFileType = sourcecode.swift; path = TodayTableViewDataSource.swift; sourceTree = "<group>"; };
		B4BE43792756FFFF002E565D /* FirestorePoemApi.swift */ = {isa = PBXFileReference; lastKnownFileType = sourcecode.swift; path = FirestorePoemApi.swift; sourceTree = "<group>"; };
		B4BE437B27570009002E565D /* FirestoreTopicApi.swift */ = {isa = PBXFileReference; lastKnownFileType = sourcecode.swift; path = FirestoreTopicApi.swift; sourceTree = "<group>"; };
		B4BE437D27570014002E565D /* FirestoreUserApi.swift */ = {isa = PBXFileReference; lastKnownFileType = sourcecode.swift; path = FirestoreUserApi.swift; sourceTree = "<group>"; };
		B4BE437F27572AE8002E565D /* WriteBatch+Rx.swift */ = {isa = PBXFileReference; lastKnownFileType = sourcecode.swift; path = "WriteBatch+Rx.swift"; sourceTree = "<group>"; };
		B4BE438127572ED7002E565D /* FirestoreService.swift */ = {isa = PBXFileReference; lastKnownFileType = sourcecode.swift; path = FirestoreService.swift; sourceTree = "<group>"; };
		B4C3F3EC269418A600CED1A9 /* TodayViewController+UITableViewDelegate.swift */ = {isa = PBXFileReference; lastKnownFileType = sourcecode.swift; path = "TodayViewController+UITableViewDelegate.swift"; sourceTree = "<group>"; };
		B4C3F3F0269418C500CED1A9 /* TodayViewController+HomeTableViewDelegate.swift */ = {isa = PBXFileReference; lastKnownFileType = sourcecode.swift; path = "TodayViewController+HomeTableViewDelegate.swift"; sourceTree = "<group>"; };
		B4C3F3F226941C5800CED1A9 /* HomeTableViewCell.swift */ = {isa = PBXFileReference; lastKnownFileType = sourcecode.swift; path = HomeTableViewCell.swift; sourceTree = "<group>"; };
		B4C3F3F426942F2E00CED1A9 /* String+Ext.swift */ = {isa = PBXFileReference; lastKnownFileType = sourcecode.swift; path = "String+Ext.swift"; sourceTree = "<group>"; };
		B4C3F3F62694394200CED1A9 /* CreatePoemViewController.swift */ = {isa = PBXFileReference; lastKnownFileType = sourcecode.swift; path = CreatePoemViewController.swift; sourceTree = "<group>"; };
		B4C3F3F8269439C400CED1A9 /* CreatePoemView.swift */ = {isa = PBXFileReference; lastKnownFileType = sourcecode.swift; path = CreatePoemView.swift; sourceTree = "<group>"; };
		B4C6404526806DAE007A7B59 /* NLPError.swift */ = {isa = PBXFileReference; lastKnownFileType = sourcecode.swift; path = NLPError.swift; sourceTree = "<group>"; };
		B4C6404826806F13007A7B59 /* ViewController+Ext.swift */ = {isa = PBXFileReference; lastKnownFileType = sourcecode.swift; path = "ViewController+Ext.swift"; sourceTree = "<group>"; };
		B4CB3770268310CA00CD4F10 /* RankingViewController.swift */ = {isa = PBXFileReference; lastKnownFileType = sourcecode.swift; path = RankingViewController.swift; sourceTree = "<group>"; };
		B4CDD1EA268841630086AADE /* NLPPoem.swift */ = {isa = PBXFileReference; lastKnownFileType = sourcecode.swift; path = NLPPoem.swift; sourceTree = "<group>"; };
		B4D1BE96268D903A00968C5B /* Privacy.swift */ = {isa = PBXFileReference; lastKnownFileType = sourcecode.swift; path = Privacy.swift; sourceTree = "<group>"; };
		B4D6379F26D7B3E900FF1720 /* CantCreatePoemView.swift */ = {isa = PBXFileReference; lastKnownFileType = sourcecode.swift; path = CantCreatePoemView.swift; sourceTree = "<group>"; };
		B4D637A126D7B52800FF1720 /* NLPYeonSungFontLabel.swift */ = {isa = PBXFileReference; lastKnownFileType = sourcecode.swift; path = NLPYeonSungFontLabel.swift; sourceTree = "<group>"; };
		B4DC3F4D26AD3A9000652E4C /* HomeEmptyCell.swift */ = {isa = PBXFileReference; lastKnownFileType = sourcecode.swift; path = HomeEmptyCell.swift; sourceTree = "<group>"; };
		B4E4957526F796E8000EE48B /* NLetterPoem.entitlements */ = {isa = PBXFileReference; lastKnownFileType = text.plist.entitlements; path = NLetterPoem.entitlements; sourceTree = "<group>"; };
		B4EB6AA326C108E70024B4FD /* SettingViewController+UITableViewDelegate.swift */ = {isa = PBXFileReference; lastKnownFileType = sourcecode.swift; path = "SettingViewController+UITableViewDelegate.swift"; sourceTree = "<group>"; };
		B4EB6AA526C1091E0024B4FD /* SettingViewController+UITableViewDataSource.swift */ = {isa = PBXFileReference; lastKnownFileType = sourcecode.swift; path = "SettingViewController+UITableViewDataSource.swift"; sourceTree = "<group>"; };
		B4F2598A2692EA6300FF95A4 /* Date+Ext.swift */ = {isa = PBXFileReference; lastKnownFileType = sourcecode.swift; path = "Date+Ext.swift"; sourceTree = "<group>"; };
		B4F2598C2692EC4A00FF95A4 /* NLPTopic.swift */ = {isa = PBXFileReference; lastKnownFileType = sourcecode.swift; path = NLPTopic.swift; sourceTree = "<group>"; };
		B4F6AA1426A3F29D00DB119D /* RankingTableView.swift */ = {isa = PBXFileReference; lastKnownFileType = sourcecode.swift; path = RankingTableView.swift; sourceTree = "<group>"; };
		B4F6AA1626A3F5DA00DB119D /* RankingTableViewCell.swift */ = {isa = PBXFileReference; lastKnownFileType = sourcecode.swift; path = RankingTableViewCell.swift; sourceTree = "<group>"; };
		E830ADA9E47FCD6CFC00E725 /* Pods-NLetterPoem.release.xcconfig */ = {isa = PBXFileReference; includeInIndex = 1; lastKnownFileType = text.xcconfig; name = "Pods-NLetterPoem.release.xcconfig"; path = "Target Support Files/Pods-NLetterPoem/Pods-NLetterPoem.release.xcconfig"; sourceTree = "<group>"; };
		FD210B40AC82B6F8852ECB5D /* Pods-NLetterPoem.debug.xcconfig */ = {isa = PBXFileReference; includeInIndex = 1; lastKnownFileType = text.xcconfig; name = "Pods-NLetterPoem.debug.xcconfig"; path = "Target Support Files/Pods-NLetterPoem/Pods-NLetterPoem.debug.xcconfig"; sourceTree = "<group>"; };
/* End PBXFileReference section */

/* Begin PBXFrameworksBuildPhase section */
		B47875122671F540002FE83F /* Frameworks */ = {
			isa = PBXFrameworksBuildPhase;
			buildActionMask = 2147483647;
			files = (
				B42EE57E267EF6C7001848A5 /* FirebaseDatabase in Frameworks */,
				B42EE574267EF6C7001848A5 /* FirebaseAnalytics in Frameworks */,
				B4CDD1EE26884AA40086AADE /* FirebaseFirestoreSwift-Beta in Frameworks */,
				B42EE576267EF6C7001848A5 /* FirebaseCrashlytics in Frameworks */,
				B42EE578267EF6C7001848A5 /* FirebaseStorage in Frameworks */,
				B42EE57C267EF6C7001848A5 /* FirebaseFirestore in Frameworks */,
				B42EE57A267EF6C7001848A5 /* FirebaseAuth in Frameworks */,
				A841BBBC12351867A5F7C113 /* Pods_NLetterPoem.framework in Frameworks */,
			);
			runOnlyForDeploymentPostprocessing = 0;
		};
/* End PBXFrameworksBuildPhase section */

/* Begin PBXGroup section */
		B40EB924270C41B900FADFC6 /* Firebase+Rx */ = {
			isa = PBXGroup;
			children = (
				B40EB925270C41CB00FADFC6 /* Auth+Rx.swift */,
				B4BE437F27572AE8002E565D /* WriteBatch+Rx.swift */,
				B45822BA27573D6E005BB13A /* DocumentReference+Rx.swift */,
				B45822BC27573D93005BB13A /* Query+Rx.swift */,
			);
			path = "Firebase+\U0010Rx";
			sourceTree = "<group>";
		};
		B414FBD1268AE3DE00AFAAA8 /* ProfileScreen */ = {
			isa = PBXGroup;
			children = (
				B443BF5B2734461E00BDB314 /* Views */,
				B46EE4C527310B2800A3D640 /* ProfileCollectionHelper.swift */,
				B46EE4BC2730FE8200A3D640 /* UserProfileScreen */,
				B46EE4BB2730FE7A00A3D640 /* MyPageScreen */,
			);
			path = ProfileScreen;
			sourceTree = "<group>";
		};
		B417692726BA6C2800C5B3A7 /* CreateScreen */ = {
			isa = PBXGroup;
			children = (
				B443BF562734455800BDB314 /* Views */,
				B443BF552734454C00BDB314 /* Controllers */,
				B4660451270081020044C2F8 /* PoemCreator.swift */,
			);
			path = CreateScreen;
			sourceTree = "<group>";
		};
		B41A3C9227098ADB00192965 /* HotScreen */ = {
			isa = PBXGroup;
			children = (
				B41A3C9327098AEB00192965 /* HotViewController.swift */,
			);
			path = HotScreen;
			sourceTree = "<group>";
		};
		B41A3C9527098C9500192965 /* HomeScreen */ = {
			isa = PBXGroup;
			children = (
				B443BF582734458100BDB314 /* Views */,
				B443BF572734457A00BDB314 /* Controllers */,
				B4C3F3EB2694184D00CED1A9 /* TodayScreen */,
				B41A3C9227098ADB00192965 /* HotScreen */,
			);
			path = HomeScreen;
			sourceTree = "<group>";
		};
		B42EE57F267EFA39001848A5 /* Screens */ = {
			isa = PBXGroup;
			children = (
				B4AEA41326C4F3870012C398 /* Core Screens */,
				B4AEA41526C4F3BF0012C398 /* Others */,
				B4AEA41426C4F3A70012C398 /* SignInSignUpScreen */,
			);
			path = Screens;
			sourceTree = "<group>";
		};
		B42EE582267EFD43001848A5 /* Views */ = {
			isa = PBXGroup;
			children = (
				B43BBC3D2682F72C00B4A8DC /* Cells */,
				B4C6404426806D7E007A7B59 /* Storyboards */,
				B42EE583267EFD4E001848A5 /* CustomViews */,
			);
			path = Views;
			sourceTree = "<group>";
		};
		B42EE583267EFD4E001848A5 /* CustomViews */ = {
			isa = PBXGroup;
			children = (
				B42EE584267EFD6D001848A5 /* NLPButton.swift */,
				B42EE588267F04BE001848A5 /* NLPLogoImageView.swift */,
				B454940A2681A4400075D16C /* NLPTabBarController.swift */,
				B42EE586267EFD7D001848A5 /* NLPTextField.swift */,
				B45494102681C6B80075D16C /* NLPProfileLabel.swift */,
				B424C6EC26959B20003EC0F9 /* NLPPoemFormView.swift */,
				B47CC3E8269AB8C100F1F003 /* NLPBoldLabel.swift */,
				B48BD9C126A005A40044A2B8 /* NLPNavigationBar.swift */,
				B4D637A126D7B52800FF1720 /* NLPYeonSungFontLabel.swift */,
				B466044727002C8E0044C2F8 /* NLPCheckBoxButton.swift */,
				B4ADCD4A270AC3BC005ADA93 /* NLPBarButton.swift */,
			);
			path = CustomViews;
			sourceTree = "<group>";
		};
		B42EE58A267F04FB001848A5 /* Utilities */ = {
			isa = PBXGroup;
			children = (
				B4D1BE96268D903A00968C5B /* Privacy.swift */,
				B47875162671F540002FE83F /* Products */,
				B47875182671F540002FE83F /* AppDelegate.swift */,
				B47875212671F540002FE83F /* Assets.xcassets */,
				B42EE58B267F0505001848A5 /* Constants.swift */,
				B4C6404526806DAE007A7B59 /* NLPError.swift */,
				B478751A2671F540002FE83F /* SceneDelegate.swift */,
			);
			path = Utilities;
			sourceTree = "<group>";
		};
		B42EE58F267F175C001848A5 /* Managers */ = {
			isa = PBXGroup;
			children = (
				B44D384626E514C30030E706 /* FirebaseAuth */,
				B44D384526E514B60030E706 /* Firestore */,
			);
			path = Managers;
			sourceTree = "<group>";
		};
		B43BBC3D2682F72C00B4A8DC /* Cells */ = {
			isa = PBXGroup;
			children = (
				B4C3F3F226941C5800CED1A9 /* HomeTableViewCell.swift */,
				B414FBCF268ADB9C00AFAAA8 /* MyPageCollectionViewCell.swift */,
				B4F6AA1626A3F5DA00DB119D /* RankingTableViewCell.swift */,
				B4DC3F4D26AD3A9000652E4C /* HomeEmptyCell.swift */,
			);
			path = Cells;
			sourceTree = "<group>";
		};
		B443BF542734450F00BDB314 /* RankingScreen */ = {
			isa = PBXGroup;
			children = (
				B4F6AA1426A3F29D00DB119D /* RankingTableView.swift */,
				B4CB3770268310CA00CD4F10 /* RankingViewController.swift */,
			);
			path = RankingScreen;
			sourceTree = "<group>";
		};
		B443BF552734454C00BDB314 /* Controllers */ = {
			isa = PBXGroup;
			children = (
				B466044F27007D930044C2F8 /* CantCreatePoemViewController.swift */,
				B4C3F3F62694394200CED1A9 /* CreatePoemViewController.swift */,
				B417692326BA4D6300C5B3A7 /* CreateTopicViewController.swift */,
				B4660449270066B60044C2F8 /* FirstCreatePoemViewController.swift */,
			);
			path = Controllers;
			sourceTree = "<group>";
		};
		B443BF562734455800BDB314 /* Views */ = {
			isa = PBXGroup;
			children = (
				B4C3F3F8269439C400CED1A9 /* CreatePoemView.swift */,
				B417692526BA4D8800C5B3A7 /* CreateTopicView.swift */,
				B4D6379F26D7B3E900FF1720 /* CantCreatePoemView.swift */,
				B466044B270067340044C2F8 /* FirstCreateView.swift */,
			);
			path = Views;
			sourceTree = "<group>";
		};
		B443BF572734457A00BDB314 /* Controllers */ = {
			isa = PBXGroup;
			children = (
				B41A3C8C27097E3000192965 /* HomeViewController.swift */,
				B4ADCD4E270B0942005ADA93 /* HomeViewController+Firebase.swift */,
			);
			path = Controllers;
			sourceTree = "<group>";
		};
		B443BF582734458100BDB314 /* Views */ = {
			isa = PBXGroup;
			children = (
				B421C4F62691B0810088119D /* HomeHeaderView.swift */,
				B421C4F42691AFC70088119D /* HomeTableView.swift */,
			);
			path = Views;
			sourceTree = "<group>";
		};
		B443BF5A273445FD00BDB314 /* Views */ = {
			isa = PBXGroup;
			children = (
				B45494082681A1B60075D16C /* MyPageHeaderView.swift */,
			);
			path = Views;
			sourceTree = "<group>";
		};
		B443BF5B2734461E00BDB314 /* Views */ = {
			isa = PBXGroup;
			children = (
				B44617E42685B718009AE2A5 /* ProfileCollectionView.swift */,
			);
			path = Views;
			sourceTree = "<group>";
		};
		B44D384526E514B60030E706 /* Firestore */ = {
			isa = PBXGroup;
			children = (
				B48459E926A45FE700BA1484 /* UserDatabaseManager.swift */,
				B46D67DD26FC8A3E00FDD7FA /* ReportDatabaseManager.swift */,
			);
			path = Firestore;
			sourceTree = "<group>";
		};
		B44D384626E514C30030E706 /* FirebaseAuth */ = {
			isa = PBXGroup;
			children = (
				B48BD9BF26A002660044A2B8 /* AuthManager.swift */,
			);
			path = FirebaseAuth;
			sourceTree = "<group>";
		};
		B45822BE2757420F005BB13A /* ViewModels */ = {
			isa = PBXGroup;
			children = (
				B45822BF2757421C005BB13A /* PoemListViewModel.swift */,
				B45822C127574221005BB13A /* PoemViewModel.swift */,
				B486601E2758740A00ED0F6B /* TopicViewModel.swift */,
				B48660232758A25800ED0F6B /* UserViewModel.swift */,
				B42DDDC8275D1C6F00A9A2E0 /* CurrentUserViewModel.swift */,
				B461D38A27D092EA008D15C4 /* HotViewModel.swift */,
				B461D38C27D09326008D15C4 /* ViewModelType.swift */,
			);
			path = ViewModels;
			sourceTree = "<group>";
		};
		B45BB308271553FC0021D3D4 /* SearchScreen */ = {
			isa = PBXGroup;
			children = (
				B45BB309271554120021D3D4 /* SearchViewController.swift */,
				B45BB30B2715597B0021D3D4 /* SearchViewModel.swift */,
			);
			path = SearchScreen;
			sourceTree = "<group>";
		};
		B46EE4BB2730FE7A00A3D640 /* MyPageScreen */ = {
			isa = PBXGroup;
			children = (
				B443BF5A273445FD00BDB314 /* Views */,
				B46EE4BD2730FE8F00A3D640 /* Controllers */,
			);
			path = MyPageScreen;
			sourceTree = "<group>";
		};
		B46EE4BC2730FE8200A3D640 /* UserProfileScreen */ = {
			isa = PBXGroup;
			children = (
				B46EE4C92731116600A3D640 /* Views */,
				B46EE4BE2730FF0F00A3D640 /* Controllers */,
			);
			path = UserProfileScreen;
			sourceTree = "<group>";
		};
		B46EE4BD2730FE8F00A3D640 /* Controllers */ = {
			isa = PBXGroup;
			children = (
				B45494062681A1A50075D16C /* MyPageViewController.swift */,
				B414FBD2268AE3FE00AFAAA8 /* MyPageViewController+UICollectionViewDataSource.swift */,
				B414FBD4268AE43500AFAAA8 /* MyPageViewController+UICollectionViewDelegateFlowLayout.swift */,
				B41AE87026A5B45F006F75AF /* MyPageViewController+UICollectionViewDelegate.swift */,
			);
			path = Controllers;
			sourceTree = "<group>";
		};
		B46EE4BE2730FF0F00A3D640 /* Controllers */ = {
			isa = PBXGroup;
			children = (
				B46EE4BF2730FF1F00A3D640 /* UserProfileViewController.swift */,
				B46EE4C3273108CB00A3D640 /* UserProfileViewController+UICollectionViewDataSource.swift */,
				B46EE4C727310E8100A3D640 /* UserProfileViewController+UICollectionViewDelegateFlowLayout.swift */,
				B4738DE8273250E80063915D /* UserProfileViewController+UICollectionViewDelegate.swift */,
			);
			path = Controllers;
			sourceTree = "<group>";
		};
		B46EE4C92731116600A3D640 /* Views */ = {
			isa = PBXGroup;
			children = (
				B46EE4CA2731118700A3D640 /* UserProfileHeaderView.swift */,
			);
			path = Views;
			sourceTree = "<group>";
		};
		B476CE1A27ACEFD80035EB94 /* Routers */ = {
			isa = PBXGroup;
			children = (
				B476CE1C27ACEFE30035EB94 /* Router.swift */,
				B476CE2027ACF40F0035EB94 /* SceneRouter.swift */,
				B476CE2427AD2DD60035EB94 /* TabBarRouter.swift */,
				B48AC7DC27B4D440007BBD27 /* SignInRegisterRouter.swift */,
			);
			path = Routers;
			sourceTree = "<group>";
		};
		B476CE1B27ACEFDB0035EB94 /* Coordinators */ = {
			isa = PBXGroup;
			children = (
				B476CE1E27ACF1900035EB94 /* Coordinator.swift */,
				B476CE2227ACF5120035EB94 /* SceneCoordinator.swift */,
				B44D81B827B0CDBF00AB168B /* MainTabBarCoordinator.swift */,
				B48AC7DA27B4D263007BBD27 /* SignInRegisterCoordinator.swift */,
			);
			path = Coordinators;
			sourceTree = "<group>";
		};
		B478750C2671F540002FE83F = {
			isa = PBXGroup;
			children = (
				B47875172671F540002FE83F /* NLetterPoem */,
				B4CDD1EC26884AA40086AADE /* Frameworks */,
				C8841E1A2C2BAF81D5AD78EF /* Pods */,
			);
			sourceTree = "<group>";
		};
		B47875162671F540002FE83F /* Products */ = {
			isa = PBXGroup;
			children = (
				B47875152671F540002FE83F /* NLetterPoem.app */,
			);
			name = Products;
			path = ../..;
			sourceTree = "<group>";
		};
		B47875172671F540002FE83F /* NLetterPoem */ = {
			isa = PBXGroup;
			children = (
				B4B1374927E700560084F471 /* Domain */,
				B476CE1B27ACEFDB0035EB94 /* Coordinators */,
				B476CE1A27ACEFD80035EB94 /* Routers */,
				B48660202758922900ED0F6B /* Helper */,
				B45822BE2757420F005BB13A /* ViewModels */,
				B4BE43782756FFE3002E565D /* Services */,
				B4C6404726806F05007A7B59 /* Extensions */,
				B40EB924270C41B900FADFC6 /* Firebase+Rx */,
				B4F259892692D02D00FF95A4 /* Fonts */,
				B42EE570267EF5FA001848A5 /* GoogleService-Info.plist */,
				B47875262671F540002FE83F /* Info.plist */,
				B42EE58F267F175C001848A5 /* Managers */,
				B478752C2671FA82002FE83F /* Models */,
				B4B03B4126DF320800B59BF7 /* Networking */,
				B4E4957526F796E8000EE48B /* NLetterPoem.entitlements */,
				B42EE57F267EFA39001848A5 /* Screens */,
				B42EE58A267F04FB001848A5 /* Utilities */,
				B42EE582267EFD43001848A5 /* Views */,
			);
			path = NLetterPoem;
			sourceTree = "<group>";
		};
		B478752C2671FA82002FE83F /* Models */ = {
			isa = PBXGroup;
			children = (
				B478752D2671FA8E002FE83F /* NLPUser.swift */,
				B4CDD1EA268841630086AADE /* NLPPoem.swift */,
				B4F2598C2692EC4A00FF95A4 /* NLPTopic.swift */,
			);
			path = Models;
			sourceTree = "<group>";
		};
		B48660202758922900ED0F6B /* Helper */ = {
			isa = PBXGroup;
			children = (
				B48660212758923A00ED0F6B /* AlertControllerHelper.swift */,
			);
			path = Helper;
			sourceTree = "<group>";
		};
		B4AEA41326C4F3870012C398 /* Core Screens */ = {
			isa = PBXGroup;
			children = (
				B443BF542734450F00BDB314 /* RankingScreen */,
				B45BB308271553FC0021D3D4 /* SearchScreen */,
				B41A3C9527098C9500192965 /* HomeScreen */,
				B414FBD1268AE3DE00AFAAA8 /* ProfileScreen */,
			);
			path = "Core Screens";
			sourceTree = "<group>";
		};
		B4AEA41426C4F3A70012C398 /* SignInSignUpScreen */ = {
			isa = PBXGroup;
			children = (
				B4CE31E32734439D0090C181 /* Views */,
				B4CE31E2273443960090C181 /* Controllers */,
			);
			path = SignInSignUpScreen;
			sourceTree = "<group>";
		};
		B4AEA41526C4F3BF0012C398 /* Others */ = {
			isa = PBXGroup;
			children = (
				B417692726BA6C2800C5B3A7 /* CreateScreen */,
				B4EB6AA226C108CB0024B4FD /* SettingScreen */,
				B4CE31DF273442B60090C181 /* EditProfileScreen */,
				B4CE31DA2734299D0090C181 /* PoemDetailScreen */,
				B454940C2681B3480075D16C /* LaunchViewController.swift */,
				B45F804926CBEF300013C54E /* DataLoadingViewController.swift */,
				B47B432026F0DAD3006C3EB6 /* DeveloperInfoViewController.swift */,
				B41A3C8E27097E9700192965 /* ContainerViewController.swift */,
			);
			path = Others;
			sourceTree = "<group>";
		};
		B4B03B4126DF320800B59BF7 /* Networking */ = {
			isa = PBXGroup;
			children = (
				B4B03B4226DF321300B59BF7 /* DatabaseRequest.swift */,
			);
			path = Networking;
			sourceTree = "<group>";
		};
		B4B1374927E700560084F471 /* Domain */ = {
			isa = PBXGroup;
			children = (
				B4B1374B27E700600084F471 /* UseCases */,
				B4B1374A27E7005D0084F471 /* Entities */,
			);
			path = Domain;
			sourceTree = "<group>";
		};
		B4B1374A27E7005D0084F471 /* Entities */ = {
			isa = PBXGroup;
			children = (
				B4B1374C27E700B80084F471 /* NLetterPoemUser.swift */,
				B4B1374E27E700C80084F471 /* NLetterPoem.swift */,
				B4B1375027E700D20084F471 /* NLetterTopic.swift */,
			);
			path = Entities;
			sourceTree = "<group>";
		};
		B4B1374B27E700600084F471 /* UseCases */ = {
			isa = PBXGroup;
			children = (
				B4B1375227E704FB0084F471 /* PoemsUseCase.swift */,
				B4B1375427E706C80084F471 /* UserUseCase.swift */,
				B4B1375627E707D80084F471 /* TopicUseCase.swift */,
				B4B1375827E7096D0084F471 /* UseCaseProvider.swift */,
			);
			path = UseCases;
			sourceTree = "<group>";
		};
		B4BE43782756FFE3002E565D /* Services */ = {
			isa = PBXGroup;
			children = (
				B459CC3327683FE00084A845 /* FirebaseAuthApi.swift */,
				B4BE43792756FFFF002E565D /* FirestorePoemApi.swift */,
				B4BE438127572ED7002E565D /* FirestoreService.swift */,
				B4BE437B27570009002E565D /* FirestoreTopicApi.swift */,
				B4BE437D27570014002E565D /* FirestoreUserApi.swift */,
			);
			path = Services;
			sourceTree = "<group>";
		};
		B4C3F3EB2694184D00CED1A9 /* TodayScreen */ = {
			isa = PBXGroup;
			children = (
				B478751C2671F540002FE83F /* TodayViewController.swift */,
				B4C3F3EC269418A600CED1A9 /* TodayViewController+UITableViewDelegate.swift */,
				B4C3F3F0269418C500CED1A9 /* TodayViewController+HomeTableViewDelegate.swift */,
				B466044D27007C780044C2F8 /* TodayViewController+Firebase.swift */,
				B4B1D954272A4F340025AA84 /* TodayTableViewDataSource.swift */,
			);
			path = TodayScreen;
			sourceTree = "<group>";
		};
		B4C6404426806D7E007A7B59 /* Storyboards */ = {
			isa = PBXGroup;
			children = (
				B47875232671F540002FE83F /* LaunchScreen.storyboard */,
			);
			path = Storyboards;
			sourceTree = "<group>";
		};
		B4C6404726806F05007A7B59 /* Extensions */ = {
			isa = PBXGroup;
			children = (
				B4C6404826806F13007A7B59 /* ViewController+Ext.swift */,
				B4F2598A2692EA6300FF95A4 /* Date+Ext.swift */,
				B4C3F3F426942F2E00CED1A9 /* String+Ext.swift */,
				B41A3C9027097F5800192965 /* UIFont+Ext.swift */,
				B4723B202738D2E9005F9098 /* UINavigationController+Ext.swift */,
			);
			path = Extensions;
			sourceTree = "<group>";
		};
		B4CDD1EC26884AA40086AADE /* Frameworks */ = {
			isa = PBXGroup;
			children = (
				08FFBC47B769FF2A3675D51E /* Pods_NLetterPoem.framework */,
			);
			name = Frameworks;
			sourceTree = "<group>";
		};
		B4CE31DA2734299D0090C181 /* PoemDetailScreen */ = {
			isa = PBXGroup;
			children = (
				B47CC3EA269ABAFE00F1F003 /* PoemDetailView.swift */,
				B47CC3E6269AB36D00F1F003 /* PoemDetailViewController.swift */,
			);
			path = PoemDetailScreen;
			sourceTree = "<group>";
		};
		B4CE31DF273442B60090C181 /* EditProfileScreen */ = {
			isa = PBXGroup;
			children = (
				B414FBD8268AFE4C00AFAAA8 /* EditProfileView.swift */,
				B414FBD6268AFD7900AFAAA8 /* EditProfileViewController.swift */,
			);
			path = EditProfileScreen;
			sourceTree = "<group>";
		};
		B4CE31E0273443610090C181 /* Controllers */ = {
			isa = PBXGroup;
			children = (
				B43BBC382682F2D100B4A8DC /* SettingViewController.swift */,
				B4EB6AA326C108E70024B4FD /* SettingViewController+UITableViewDelegate.swift */,
				B4EB6AA526C1091E0024B4FD /* SettingViewController+UITableViewDataSource.swift */,
			);
			path = Controllers;
			sourceTree = "<group>";
		};
		B4CE31E12734436A0090C181 /* Views */ = {
			isa = PBXGroup;
			children = (
				B43BBC3B2682F31000B4A8DC /* SettingTableView.swift */,
			);
			path = Views;
			sourceTree = "<group>";
		};
		B4CE31E2273443960090C181 /* Controllers */ = {
			isa = PBXGroup;
			children = (
				B42EE580267EFA55001848A5 /* SignInViewController.swift */,
				B42EE58D267F0D57001848A5 /* SignUpViewController.swift */,
			);
			path = Controllers;
			sourceTree = "<group>";
		};
		B4CE31E32734439D0090C181 /* Views */ = {
			isa = PBXGroup;
			children = (
				B45656A026A2A42600EAB3C9 /* SignInView.swift */,
				B48BD9BD26A000F70044A2B8 /* SignUpView.swift */,
			);
			path = Views;
			sourceTree = "<group>";
		};
		B4EB6AA226C108CB0024B4FD /* SettingScreen */ = {
			isa = PBXGroup;
			children = (
				B4CE31E12734436A0090C181 /* Views */,
				B4CE31E0273443610090C181 /* Controllers */,
			);
			path = SettingScreen;
			sourceTree = "<group>";
		};
		B4F259892692D02D00FF95A4 /* Fonts */ = {
			isa = PBXGroup;
			children = (
				B45936C626AA964300F51476 /* BMYeongSung-Regular.otf */,
				B45936C426AA95D600F51476 /* NanumScript.ttc */,
			);
			path = Fonts;
			sourceTree = "<group>";
		};
		C8841E1A2C2BAF81D5AD78EF /* Pods */ = {
			isa = PBXGroup;
			children = (
				FD210B40AC82B6F8852ECB5D /* Pods-NLetterPoem.debug.xcconfig */,
				E830ADA9E47FCD6CFC00E725 /* Pods-NLetterPoem.release.xcconfig */,
			);
			path = Pods;
			sourceTree = "<group>";
		};
/* End PBXGroup section */

/* Begin PBXNativeTarget section */
		B47875142671F540002FE83F /* NLetterPoem */ = {
			isa = PBXNativeTarget;
			buildConfigurationList = B47875292671F540002FE83F /* Build configuration list for PBXNativeTarget "NLetterPoem" */;
			buildPhases = (
				A0368710302B20B61E4D5137 /* [CP] Check Pods Manifest.lock */,
				B47875112671F540002FE83F /* Sources */,
				B47875122671F540002FE83F /* Frameworks */,
				B47875132671F540002FE83F /* Resources */,
				FF834F1BEA4896F1CFFD2053 /* [CP] Embed Pods Frameworks */,
			);
			buildRules = (
			);
			dependencies = (
			);
			name = NLetterPoem;
			packageProductDependencies = (
				B42EE573267EF6C7001848A5 /* FirebaseAnalytics */,
				B42EE575267EF6C7001848A5 /* FirebaseCrashlytics */,
				B42EE577267EF6C7001848A5 /* FirebaseStorage */,
				B42EE579267EF6C7001848A5 /* FirebaseAuth */,
				B42EE57B267EF6C7001848A5 /* FirebaseFirestore */,
				B42EE57D267EF6C7001848A5 /* FirebaseDatabase */,
				B4CDD1ED26884AA40086AADE /* FirebaseFirestoreSwift-Beta */,
			);
			productName = NLetterPoem;
			productReference = B47875152671F540002FE83F /* NLetterPoem.app */;
			productType = "com.apple.product-type.application";
		};
/* End PBXNativeTarget section */

/* Begin PBXProject section */
		B478750D2671F540002FE83F /* Project object */ = {
			isa = PBXProject;
			attributes = {
				LastSwiftUpdateCheck = 1250;
				LastUpgradeCheck = 1250;
				TargetAttributes = {
					B47875142671F540002FE83F = {
						CreatedOnToolsVersion = 12.5;
					};
				};
			};
			buildConfigurationList = B47875102671F540002FE83F /* Build configuration list for PBXProject "NLetterPoem" */;
			compatibilityVersion = "Xcode 9.3";
			developmentRegion = en;
			hasScannedForEncodings = 0;
			knownRegions = (
				en,
				Base,
			);
			mainGroup = B478750C2671F540002FE83F;
			packageReferences = (
				B42EE572267EF6C7001848A5 /* XCRemoteSwiftPackageReference "firebase-ios-sdk" */,
			);
			productRefGroup = B47875162671F540002FE83F /* Products */;
			projectDirPath = "";
			projectRoot = "";
			targets = (
				B47875142671F540002FE83F /* NLetterPoem */,
			);
		};
/* End PBXProject section */

/* Begin PBXResourcesBuildPhase section */
		B47875132671F540002FE83F /* Resources */ = {
			isa = PBXResourcesBuildPhase;
			buildActionMask = 2147483647;
			files = (
				B47875252671F540002FE83F /* LaunchScreen.storyboard in Resources */,
				B45936C526AA95D600F51476 /* NanumScript.ttc in Resources */,
				B47875222671F540002FE83F /* Assets.xcassets in Resources */,
				B42EE571267EF5FA001848A5 /* GoogleService-Info.plist in Resources */,
				B45936C726AA964300F51476 /* BMYeongSung-Regular.otf in Resources */,
			);
			runOnlyForDeploymentPostprocessing = 0;
		};
/* End PBXResourcesBuildPhase section */

/* Begin PBXShellScriptBuildPhase section */
		A0368710302B20B61E4D5137 /* [CP] Check Pods Manifest.lock */ = {
			isa = PBXShellScriptBuildPhase;
			buildActionMask = 2147483647;
			files = (
			);
			inputFileListPaths = (
			);
			inputPaths = (
				"${PODS_PODFILE_DIR_PATH}/Podfile.lock",
				"${PODS_ROOT}/Manifest.lock",
			);
			name = "[CP] Check Pods Manifest.lock";
			outputFileListPaths = (
			);
			outputPaths = (
				"$(DERIVED_FILE_DIR)/Pods-NLetterPoem-checkManifestLockResult.txt",
			);
			runOnlyForDeploymentPostprocessing = 0;
			shellPath = /bin/sh;
			shellScript = "diff \"${PODS_PODFILE_DIR_PATH}/Podfile.lock\" \"${PODS_ROOT}/Manifest.lock\" > /dev/null\nif [ $? != 0 ] ; then\n    # print error to STDERR\n    echo \"error: The sandbox is not in sync with the Podfile.lock. Run 'pod install' or update your CocoaPods installation.\" >&2\n    exit 1\nfi\n# This output is used by Xcode 'outputs' to avoid re-running this script phase.\necho \"SUCCESS\" > \"${SCRIPT_OUTPUT_FILE_0}\"\n";
			showEnvVarsInLog = 0;
		};
		FF834F1BEA4896F1CFFD2053 /* [CP] Embed Pods Frameworks */ = {
			isa = PBXShellScriptBuildPhase;
			buildActionMask = 2147483647;
			files = (
			);
			inputFileListPaths = (
				"${PODS_ROOT}/Target Support Files/Pods-NLetterPoem/Pods-NLetterPoem-frameworks-${CONFIGURATION}-input-files.xcfilelist",
			);
			name = "[CP] Embed Pods Frameworks";
			outputFileListPaths = (
				"${PODS_ROOT}/Target Support Files/Pods-NLetterPoem/Pods-NLetterPoem-frameworks-${CONFIGURATION}-output-files.xcfilelist",
			);
			runOnlyForDeploymentPostprocessing = 0;
			shellPath = /bin/sh;
			shellScript = "\"${PODS_ROOT}/Target Support Files/Pods-NLetterPoem/Pods-NLetterPoem-frameworks.sh\"\n";
			showEnvVarsInLog = 0;
		};
/* End PBXShellScriptBuildPhase section */

/* Begin PBXSourcesBuildPhase section */
		B47875112671F540002FE83F /* Sources */ = {
			isa = PBXSourcesBuildPhase;
			buildActionMask = 2147483647;
			files = (
				B4B1D955272A4F340025AA84 /* TodayTableViewDataSource.swift in Sources */,
				B486601F2758740A00ED0F6B /* TopicViewModel.swift in Sources */,
				B414FBD9268AFE4C00AFAAA8 /* EditProfileView.swift in Sources */,
				B46EE4CB2731118700A3D640 /* UserProfileHeaderView.swift in Sources */,
				B414FBD7268AFD7900AFAAA8 /* EditProfileViewController.swift in Sources */,
				B4F6AA1526A3F29D00DB119D /* RankingTableView.swift in Sources */,
				B45BB30C2715597B0021D3D4 /* SearchViewModel.swift in Sources */,
				B4B1375727E707D80084F471 /* TopicUseCase.swift in Sources */,
				B4D637A226D7B52800FF1720 /* NLPYeonSungFontLabel.swift in Sources */,
				B41A3C9427098AEB00192965 /* HotViewController.swift in Sources */,
				B4C6404926806F13007A7B59 /* ViewController+Ext.swift in Sources */,
				B4C3F3F9269439C400CED1A9 /* CreatePoemView.swift in Sources */,
				B454940D2681B3480075D16C /* LaunchViewController.swift in Sources */,
				B45656A126A2A42600EAB3C9 /* SignInView.swift in Sources */,
				B4D1BE97268D903A00968C5B /* Privacy.swift in Sources */,
				B466044827002C8E0044C2F8 /* NLPCheckBoxButton.swift in Sources */,
				B466044E27007C780044C2F8 /* TodayViewController+Firebase.swift in Sources */,
				B4C3F3F326941C5800CED1A9 /* HomeTableViewCell.swift in Sources */,
				B45822BB27573D6E005BB13A /* DocumentReference+Rx.swift in Sources */,
				B42DDDC9275D1C6F00A9A2E0 /* CurrentUserViewModel.swift in Sources */,
				B466045027007D930044C2F8 /* CantCreatePoemViewController.swift in Sources */,
				B478752E2671FA8E002FE83F /* NLPUser.swift in Sources */,
				B421C4F52691AFC70088119D /* HomeTableView.swift in Sources */,
				B476CE1D27ACEFE30035EB94 /* Router.swift in Sources */,
				B414FBD3268AE3FE00AFAAA8 /* MyPageViewController+UICollectionViewDataSource.swift in Sources */,
				B421C4F72691B0810088119D /* HomeHeaderView.swift in Sources */,
				B4BE438227572ED7002E565D /* FirestoreService.swift in Sources */,
				B48BD9C226A005A40044A2B8 /* NLPNavigationBar.swift in Sources */,
				B4BE437A2756FFFF002E565D /* FirestorePoemApi.swift in Sources */,
				B41A3C9127097F5800192965 /* UIFont+Ext.swift in Sources */,
				B46D67DE26FC8A3E00FDD7FA /* ReportDatabaseManager.swift in Sources */,
				B4B1375927E7096D0084F471 /* UseCaseProvider.swift in Sources */,
				B47B432126F0DAD3006C3EB6 /* DeveloperInfoViewController.swift in Sources */,
				B43BBC3C2682F31000B4A8DC /* SettingTableView.swift in Sources */,
				B4B1375527E706C80084F471 /* UserUseCase.swift in Sources */,
				B48459EA26A45FE700BA1484 /* UserDatabaseManager.swift in Sources */,
				B41AE87126A5B45F006F75AF /* MyPageViewController+UICollectionViewDelegate.swift in Sources */,
				B424C6ED26959B20003EC0F9 /* NLPPoemFormView.swift in Sources */,
				B45494112681C6B80075D16C /* NLPProfileLabel.swift in Sources */,
				B414FBD5268AE43500AFAAA8 /* MyPageViewController+UICollectionViewDelegateFlowLayout.swift in Sources */,
				B45494092681A1B60075D16C /* MyPageHeaderView.swift in Sources */,
				B4EB6AA426C108E70024B4FD /* SettingViewController+UITableViewDelegate.swift in Sources */,
				B44617E52685B718009AE2A5 /* ProfileCollectionView.swift in Sources */,
				B46EE4C02730FF1F00A3D640 /* UserProfileViewController.swift in Sources */,
				B4ADCD4B270AC3BC005ADA93 /* NLPBarButton.swift in Sources */,
				B478751D2671F540002FE83F /* TodayViewController.swift in Sources */,
				B4C3F3F1269418C500CED1A9 /* TodayViewController+HomeTableViewDelegate.swift in Sources */,
				B46EE4C4273108CB00A3D640 /* UserProfileViewController+UICollectionViewDataSource.swift in Sources */,
				B4723B212738D2E9005F9098 /* UINavigationController+Ext.swift in Sources */,
				B41A3C8F27097E9700192965 /* ContainerViewController.swift in Sources */,
				B48660222758923A00ED0F6B /* AlertControllerHelper.swift in Sources */,
				B47CC3E9269AB8C100F1F003 /* NLPBoldLabel.swift in Sources */,
				B42EE589267F04BE001848A5 /* NLPLogoImageView.swift in Sources */,
				B42EE585267EFD6D001848A5 /* NLPButton.swift in Sources */,
				B4B1374D27E700B80084F471 /* NLetterPoemUser.swift in Sources */,
				B4BE437E27570014002E565D /* FirestoreUserApi.swift in Sources */,
				B4F2598B2692EA6300FF95A4 /* Date+Ext.swift in Sources */,
				B461D38B27D092EA008D15C4 /* HotViewModel.swift in Sources */,
				B47CC3E7269AB36D00F1F003 /* PoemDetailViewController.swift in Sources */,
				B40EB926270C41CB00FADFC6 /* Auth+Rx.swift in Sources */,
				B48BD9BE26A000F70044A2B8 /* SignUpView.swift in Sources */,
				B476CE2127ACF40F0035EB94 /* SceneRouter.swift in Sources */,
				B4ADCD4F270B0942005ADA93 /* HomeViewController+Firebase.swift in Sources */,
				B42EE58E267F0D57001848A5 /* SignUpViewController.swift in Sources */,
				B4EB6AA626C1091E0024B4FD /* SettingViewController+UITableViewDataSource.swift in Sources */,
				B466044C270067340044C2F8 /* FirstCreateView.swift in Sources */,
				B4C3F3F526942F2E00CED1A9 /* String+Ext.swift in Sources */,
				B45822BD27573D93005BB13A /* Query+Rx.swift in Sources */,
				B459CC3427683FE00084A845 /* FirebaseAuthApi.swift in Sources */,
				B417692626BA4D8800C5B3A7 /* CreateTopicView.swift in Sources */,
				B44D81B927B0CDBF00AB168B /* MainTabBarCoordinator.swift in Sources */,
				B4F2598D2692EC4A00FF95A4 /* NLPTopic.swift in Sources */,
				B4C3F3F72694394200CED1A9 /* CreatePoemViewController.swift in Sources */,
				B4D637A026D7B3E900FF1720 /* CantCreatePoemView.swift in Sources */,
				B4DC3F4E26AD3A9000652E4C /* HomeEmptyCell.swift in Sources */,
				B45822C02757421C005BB13A /* PoemListViewModel.swift in Sources */,
				B4738DE9273250E80063915D /* UserProfileViewController+UICollectionViewDelegate.swift in Sources */,
				B4660452270081020044C2F8 /* PoemCreator.swift in Sources */,
				B4BE438027572AE8002E565D /* WriteBatch+Rx.swift in Sources */,
				B48AC7DD27B4D440007BBD27 /* SignInRegisterRouter.swift in Sources */,
				B476CE1F27ACF1900035EB94 /* Coordinator.swift in Sources */,
				B46EE4C627310B2800A3D640 /* ProfileCollectionHelper.swift in Sources */,
				B47875192671F540002FE83F /* AppDelegate.swift in Sources */,
				B4C3F3ED269418A600CED1A9 /* TodayViewController+UITableViewDelegate.swift in Sources */,
				B461D38D27D09326008D15C4 /* ViewModelType.swift in Sources */,
				B4B03B4326DF321300B59BF7 /* DatabaseRequest.swift in Sources */,
				B414FBD0268ADB9C00AFAAA8 /* MyPageCollectionViewCell.swift in Sources */,
				B48BD9C026A002660044A2B8 /* AuthManager.swift in Sources */,
				B4F6AA1726A3F5DA00DB119D /* RankingTableViewCell.swift in Sources */,
				B42EE587267EFD7D001848A5 /* NLPTextField.swift in Sources */,
				B45494072681A1A50075D16C /* MyPageViewController.swift in Sources */,
				B48AC7DB27B4D263007BBD27 /* SignInRegisterCoordinator.swift in Sources */,
				B45822C227574221005BB13A /* PoemViewModel.swift in Sources */,
				B4B1375327E704FB0084F471 /* PoemsUseCase.swift in Sources */,
				B42EE581267EFA55001848A5 /* SignInViewController.swift in Sources */,
				B41A3C8D27097E3000192965 /* HomeViewController.swift in Sources */,
				B4B1375127E700D20084F471 /* NLetterTopic.swift in Sources */,
				B45BB30A271554120021D3D4 /* SearchViewController.swift in Sources */,
				B476CE2327ACF5120035EB94 /* SceneCoordinator.swift in Sources */,
				B43BBC392682F2D100B4A8DC /* SettingViewController.swift in Sources */,
				B45F804A26CBEF300013C54E /* DataLoadingViewController.swift in Sources */,
				B4CDD1EB268841630086AADE /* NLPPoem.swift in Sources */,
				B4C6404626806DAE007A7B59 /* NLPError.swift in Sources */,
				B478751B2671F540002FE83F /* SceneDelegate.swift in Sources */,
				B454940B2681A4400075D16C /* NLPTabBarController.swift in Sources */,
				B4BE437C27570009002E565D /* FirestoreTopicApi.swift in Sources */,
				B476CE2527AD2DD60035EB94 /* TabBarRouter.swift in Sources */,
				B42EE58C267F0505001848A5 /* Constants.swift in Sources */,
				B46EE4C827310E8100A3D640 /* UserProfileViewController+UICollectionViewDelegateFlowLayout.swift in Sources */,
				B466044A270066B60044C2F8 /* FirstCreatePoemViewController.swift in Sources */,
				B4CB3771268310CA00CD4F10 /* RankingViewController.swift in Sources */,
				B417692426BA4D6300C5B3A7 /* CreateTopicViewController.swift in Sources */,
				B4B1374F27E700C80084F471 /* NLetterPoem.swift in Sources */,
				B48660242758A25800ED0F6B /* UserViewModel.swift in Sources */,
				B47CC3EB269ABAFE00F1F003 /* PoemDetailView.swift in Sources */,
			);
			runOnlyForDeploymentPostprocessing = 0;
		};
/* End PBXSourcesBuildPhase section */

/* Begin PBXVariantGroup section */
		B47875232671F540002FE83F /* LaunchScreen.storyboard */ = {
			isa = PBXVariantGroup;
			children = (
				B47875242671F540002FE83F /* Base */,
			);
			name = LaunchScreen.storyboard;
			sourceTree = "<group>";
		};
/* End PBXVariantGroup section */

/* Begin XCBuildConfiguration section */
		B47875272671F540002FE83F /* Debug */ = {
			isa = XCBuildConfiguration;
			buildSettings = {
				ALWAYS_SEARCH_USER_PATHS = NO;
				CLANG_ANALYZER_NONNULL = YES;
				CLANG_ANALYZER_NUMBER_OBJECT_CONVERSION = YES_AGGRESSIVE;
				CLANG_CXX_LANGUAGE_STANDARD = "gnu++14";
				CLANG_CXX_LIBRARY = "libc++";
				CLANG_ENABLE_MODULES = YES;
				CLANG_ENABLE_OBJC_ARC = YES;
				CLANG_ENABLE_OBJC_WEAK = YES;
				CLANG_WARN_BLOCK_CAPTURE_AUTORELEASING = YES;
				CLANG_WARN_BOOL_CONVERSION = YES;
				CLANG_WARN_COMMA = YES;
				CLANG_WARN_CONSTANT_CONVERSION = YES;
				CLANG_WARN_DEPRECATED_OBJC_IMPLEMENTATIONS = YES;
				CLANG_WARN_DIRECT_OBJC_ISA_USAGE = YES_ERROR;
				CLANG_WARN_DOCUMENTATION_COMMENTS = YES;
				CLANG_WARN_EMPTY_BODY = YES;
				CLANG_WARN_ENUM_CONVERSION = YES;
				CLANG_WARN_INFINITE_RECURSION = YES;
				CLANG_WARN_INT_CONVERSION = YES;
				CLANG_WARN_NON_LITERAL_NULL_CONVERSION = YES;
				CLANG_WARN_OBJC_IMPLICIT_RETAIN_SELF = YES;
				CLANG_WARN_OBJC_LITERAL_CONVERSION = YES;
				CLANG_WARN_OBJC_ROOT_CLASS = YES_ERROR;
				CLANG_WARN_QUOTED_INCLUDE_IN_FRAMEWORK_HEADER = YES;
				CLANG_WARN_RANGE_LOOP_ANALYSIS = YES;
				CLANG_WARN_STRICT_PROTOTYPES = YES;
				CLANG_WARN_SUSPICIOUS_MOVE = YES;
				CLANG_WARN_UNGUARDED_AVAILABILITY = YES_AGGRESSIVE;
				CLANG_WARN_UNREACHABLE_CODE = YES;
				CLANG_WARN__DUPLICATE_METHOD_MATCH = YES;
				COPY_PHASE_STRIP = NO;
				DEBUG_INFORMATION_FORMAT = dwarf;
				ENABLE_STRICT_OBJC_MSGSEND = YES;
				ENABLE_TESTABILITY = YES;
				GCC_C_LANGUAGE_STANDARD = gnu11;
				GCC_DYNAMIC_NO_PIC = NO;
				GCC_NO_COMMON_BLOCKS = YES;
				GCC_OPTIMIZATION_LEVEL = 0;
				GCC_PREPROCESSOR_DEFINITIONS = (
					"DEBUG=1",
					"$(inherited)",
				);
				GCC_WARN_64_TO_32_BIT_CONVERSION = YES;
				GCC_WARN_ABOUT_RETURN_TYPE = YES_ERROR;
				GCC_WARN_UNDECLARED_SELECTOR = YES;
				GCC_WARN_UNINITIALIZED_AUTOS = YES_AGGRESSIVE;
				GCC_WARN_UNUSED_FUNCTION = YES;
				GCC_WARN_UNUSED_VARIABLE = YES;
				IPHONEOS_DEPLOYMENT_TARGET = 14.5;
				MTL_ENABLE_DEBUG_INFO = INCLUDE_SOURCE;
				MTL_FAST_MATH = YES;
				ONLY_ACTIVE_ARCH = YES;
				SDKROOT = iphoneos;
				SWIFT_ACTIVE_COMPILATION_CONDITIONS = DEBUG;
				SWIFT_OPTIMIZATION_LEVEL = "-Onone";
			};
			name = Debug;
		};
		B47875282671F540002FE83F /* Release */ = {
			isa = XCBuildConfiguration;
			buildSettings = {
				ALWAYS_SEARCH_USER_PATHS = NO;
				CLANG_ANALYZER_NONNULL = YES;
				CLANG_ANALYZER_NUMBER_OBJECT_CONVERSION = YES_AGGRESSIVE;
				CLANG_CXX_LANGUAGE_STANDARD = "gnu++14";
				CLANG_CXX_LIBRARY = "libc++";
				CLANG_ENABLE_MODULES = YES;
				CLANG_ENABLE_OBJC_ARC = YES;
				CLANG_ENABLE_OBJC_WEAK = YES;
				CLANG_WARN_BLOCK_CAPTURE_AUTORELEASING = YES;
				CLANG_WARN_BOOL_CONVERSION = YES;
				CLANG_WARN_COMMA = YES;
				CLANG_WARN_CONSTANT_CONVERSION = YES;
				CLANG_WARN_DEPRECATED_OBJC_IMPLEMENTATIONS = YES;
				CLANG_WARN_DIRECT_OBJC_ISA_USAGE = YES_ERROR;
				CLANG_WARN_DOCUMENTATION_COMMENTS = YES;
				CLANG_WARN_EMPTY_BODY = YES;
				CLANG_WARN_ENUM_CONVERSION = YES;
				CLANG_WARN_INFINITE_RECURSION = YES;
				CLANG_WARN_INT_CONVERSION = YES;
				CLANG_WARN_NON_LITERAL_NULL_CONVERSION = YES;
				CLANG_WARN_OBJC_IMPLICIT_RETAIN_SELF = YES;
				CLANG_WARN_OBJC_LITERAL_CONVERSION = YES;
				CLANG_WARN_OBJC_ROOT_CLASS = YES_ERROR;
				CLANG_WARN_QUOTED_INCLUDE_IN_FRAMEWORK_HEADER = YES;
				CLANG_WARN_RANGE_LOOP_ANALYSIS = YES;
				CLANG_WARN_STRICT_PROTOTYPES = YES;
				CLANG_WARN_SUSPICIOUS_MOVE = YES;
				CLANG_WARN_UNGUARDED_AVAILABILITY = YES_AGGRESSIVE;
				CLANG_WARN_UNREACHABLE_CODE = YES;
				CLANG_WARN__DUPLICATE_METHOD_MATCH = YES;
				COPY_PHASE_STRIP = NO;
				DEBUG_INFORMATION_FORMAT = "dwarf-with-dsym";
				ENABLE_NS_ASSERTIONS = NO;
				ENABLE_STRICT_OBJC_MSGSEND = YES;
				GCC_C_LANGUAGE_STANDARD = gnu11;
				GCC_NO_COMMON_BLOCKS = YES;
				GCC_WARN_64_TO_32_BIT_CONVERSION = YES;
				GCC_WARN_ABOUT_RETURN_TYPE = YES_ERROR;
				GCC_WARN_UNDECLARED_SELECTOR = YES;
				GCC_WARN_UNINITIALIZED_AUTOS = YES_AGGRESSIVE;
				GCC_WARN_UNUSED_FUNCTION = YES;
				GCC_WARN_UNUSED_VARIABLE = YES;
				IPHONEOS_DEPLOYMENT_TARGET = 14.5;
				MTL_ENABLE_DEBUG_INFO = NO;
				MTL_FAST_MATH = YES;
				SDKROOT = iphoneos;
				SWIFT_COMPILATION_MODE = wholemodule;
				SWIFT_OPTIMIZATION_LEVEL = "-O";
				VALIDATE_PRODUCT = YES;
			};
			name = Release;
		};
		B478752A2671F540002FE83F /* Debug */ = {
			isa = XCBuildConfiguration;
			baseConfigurationReference = FD210B40AC82B6F8852ECB5D /* Pods-NLetterPoem.debug.xcconfig */;
			buildSettings = {
				ASSETCATALOG_COMPILER_APPICON_NAME = AppIcon;
				ASSETCATALOG_COMPILER_GLOBAL_ACCENT_COLOR_NAME = AccentColor;
				CODE_SIGN_ENTITLEMENTS = NLetterPoem/NLetterPoem.entitlements;
				CODE_SIGN_STYLE = Automatic;
				CURRENT_PROJECT_VERSION = 220303;
				DEVELOPMENT_TEAM = SK9D9HK9A2;
				INFOPLIST_FILE = NLetterPoem/Info.plist;
				IPHONEOS_DEPLOYMENT_TARGET = 14.0;
				LD_RUNPATH_SEARCH_PATHS = (
					"$(inherited)",
					"@executable_path/Frameworks",
				);
				MARKETING_VERSION = 2.0;
				PRODUCT_BUNDLE_IDENTIFIER = com.howift.NLetterPoem;
				PRODUCT_NAME = "$(TARGET_NAME)";
				SWIFT_VERSION = 5.0;
				TARGETED_DEVICE_FAMILY = 1;
			};
			name = Debug;
		};
		B478752B2671F540002FE83F /* Release */ = {
			isa = XCBuildConfiguration;
			baseConfigurationReference = E830ADA9E47FCD6CFC00E725 /* Pods-NLetterPoem.release.xcconfig */;
			buildSettings = {
				ASSETCATALOG_COMPILER_APPICON_NAME = AppIcon;
				ASSETCATALOG_COMPILER_GLOBAL_ACCENT_COLOR_NAME = AccentColor;
				CODE_SIGN_ENTITLEMENTS = NLetterPoem/NLetterPoem.entitlements;
				CODE_SIGN_STYLE = Automatic;
				CURRENT_PROJECT_VERSION = 220303;
				DEVELOPMENT_TEAM = SK9D9HK9A2;
				INFOPLIST_FILE = NLetterPoem/Info.plist;
				IPHONEOS_DEPLOYMENT_TARGET = 14.0;
				LD_RUNPATH_SEARCH_PATHS = (
					"$(inherited)",
					"@executable_path/Frameworks",
				);
				MARKETING_VERSION = 2.0;
				PRODUCT_BUNDLE_IDENTIFIER = com.howift.NLetterPoem;
				PRODUCT_NAME = "$(TARGET_NAME)";
				SWIFT_VERSION = 5.0;
				TARGETED_DEVICE_FAMILY = 1;
			};
			name = Release;
		};
/* End XCBuildConfiguration section */

/* Begin XCConfigurationList section */
		B47875102671F540002FE83F /* Build configuration list for PBXProject "NLetterPoem" */ = {
			isa = XCConfigurationList;
			buildConfigurations = (
				B47875272671F540002FE83F /* Debug */,
				B47875282671F540002FE83F /* Release */,
			);
			defaultConfigurationIsVisible = 0;
			defaultConfigurationName = Release;
		};
		B47875292671F540002FE83F /* Build configuration list for PBXNativeTarget "NLetterPoem" */ = {
			isa = XCConfigurationList;
			buildConfigurations = (
				B478752A2671F540002FE83F /* Debug */,
				B478752B2671F540002FE83F /* Release */,
			);
			defaultConfigurationIsVisible = 0;
			defaultConfigurationName = Release;
		};
/* End XCConfigurationList section */

/* Begin XCRemoteSwiftPackageReference section */
		B42EE572267EF6C7001848A5 /* XCRemoteSwiftPackageReference "firebase-ios-sdk" */ = {
			isa = XCRemoteSwiftPackageReference;
			repositoryURL = "https://github.com/firebase/firebase-ios-sdk.git";
			requirement = {
				kind = upToNextMajorVersion;
				minimumVersion = 8.1.1;
			};
		};
/* End XCRemoteSwiftPackageReference section */

/* Begin XCSwiftPackageProductDependency section */
		B42EE573267EF6C7001848A5 /* FirebaseAnalytics */ = {
			isa = XCSwiftPackageProductDependency;
			package = B42EE572267EF6C7001848A5 /* XCRemoteSwiftPackageReference "firebase-ios-sdk" */;
			productName = FirebaseAnalytics;
		};
		B42EE575267EF6C7001848A5 /* FirebaseCrashlytics */ = {
			isa = XCSwiftPackageProductDependency;
			package = B42EE572267EF6C7001848A5 /* XCRemoteSwiftPackageReference "firebase-ios-sdk" */;
			productName = FirebaseCrashlytics;
		};
		B42EE577267EF6C7001848A5 /* FirebaseStorage */ = {
			isa = XCSwiftPackageProductDependency;
			package = B42EE572267EF6C7001848A5 /* XCRemoteSwiftPackageReference "firebase-ios-sdk" */;
			productName = FirebaseStorage;
		};
		B42EE579267EF6C7001848A5 /* FirebaseAuth */ = {
			isa = XCSwiftPackageProductDependency;
			package = B42EE572267EF6C7001848A5 /* XCRemoteSwiftPackageReference "firebase-ios-sdk" */;
			productName = FirebaseAuth;
		};
		B42EE57B267EF6C7001848A5 /* FirebaseFirestore */ = {
			isa = XCSwiftPackageProductDependency;
			package = B42EE572267EF6C7001848A5 /* XCRemoteSwiftPackageReference "firebase-ios-sdk" */;
			productName = FirebaseFirestore;
		};
		B42EE57D267EF6C7001848A5 /* FirebaseDatabase */ = {
			isa = XCSwiftPackageProductDependency;
			package = B42EE572267EF6C7001848A5 /* XCRemoteSwiftPackageReference "firebase-ios-sdk" */;
			productName = FirebaseDatabase;
		};
		B4CDD1ED26884AA40086AADE /* FirebaseFirestoreSwift-Beta */ = {
			isa = XCSwiftPackageProductDependency;
			package = B42EE572267EF6C7001848A5 /* XCRemoteSwiftPackageReference "firebase-ios-sdk" */;
			productName = "FirebaseFirestoreSwift-Beta";
		};
/* End XCSwiftPackageProductDependency section */
	};
	rootObject = B478750D2671F540002FE83F /* Project object */;
}
